// !$*UTF8*$!
{
	archiveVersion = 1;
	classes = {
	};
	objectVersion = 56;
	objects = {

/* Begin PBXBuildFile section */
		04D182792C881EBE0038DA57 /* Settings.bundle in Resources */ = {isa = PBXBuildFile; fileRef = 04D182782C881EBE0038DA57 /* Settings.bundle */; };
		04DEC0DD2C6A3AD600D289EA /* SignUpView.swift in Sources */ = {isa = PBXBuildFile; fileRef = 04DEC0DC2C6A3AD600D289EA /* SignUpView.swift */; };
		04DEC0E12C6AFA7500D289EA /* SignUpNameInputView.swift in Sources */ = {isa = PBXBuildFile; fileRef = 04DEC0E02C6AFA7500D289EA /* SignUpNameInputView.swift */; };
		04DEC0E32C6B2E1C00D289EA /* SignUpKabinettNumberSelectView.swift in Sources */ = {isa = PBXBuildFile; fileRef = 04DEC0E22C6B2E1C00D289EA /* SignUpKabinettNumberSelectView.swift */; };
		04DEC0E72C6C6C7300D289EA /* ProfileView.swift in Sources */ = {isa = PBXBuildFile; fileRef = 04DEC0E62C6C6C7300D289EA /* ProfileView.swift */; };
		04DEC0E92C6C799500D289EA /* SettingsView.swift in Sources */ = {isa = PBXBuildFile; fileRef = 04DEC0E82C6C799500D289EA /* SettingsView.swift */; };
		04DEC0EB2C6C87B500D289EA /* AccountSettingsView.swift in Sources */ = {isa = PBXBuildFile; fileRef = 04DEC0EA2C6C87B500D289EA /* AccountSettingsView.swift */; };
		04DEC0ED2C6C882100D289EA /* ProfileSettingsView.swift in Sources */ = {isa = PBXBuildFile; fileRef = 04DEC0EC2C6C882100D289EA /* ProfileSettingsView.swift */; };
		04DEC0F22C6E18EE00D289EA /* ProfileViewModel.swift in Sources */ = {isa = PBXBuildFile; fileRef = 04DEC0F12C6E18EE00D289EA /* ProfileViewModel.swift */; };
		04DEC0F42C6F171E00D289EA /* SignUpViewModel.swift in Sources */ = {isa = PBXBuildFile; fileRef = 04DEC0F32C6F171E00D289EA /* SignUpViewModel.swift */; };
		04DEC0FA2C75863700D289EA /* CropBox.swift in Sources */ = {isa = PBXBuildFile; fileRef = 04DEC0F92C75863600D289EA /* CropBox.swift */; };
		04DEC0FC2C7D96BC00D289EA /* ImageCropper.swift in Sources */ = {isa = PBXBuildFile; fileRef = 04DEC0FB2C7D96BC00D289EA /* ImageCropper.swift */; };
		04DEC0FE2C7EDB1100D289EA /* KabinettNumberFormatter.swift in Sources */ = {isa = PBXBuildFile; fileRef = 04DEC0FD2C7EDB1100D289EA /* KabinettNumberFormatter.swift */; };
		5300DA4E2C7EC2F9005F22EB /* LetterView.swift in Sources */ = {isa = PBXBuildFile; fileRef = 5300DA4D2C7EC2F9005F22EB /* LetterView.swift */; };
		530912CC2C7045F200964130 /* ToastView.swift in Sources */ = {isa = PBXBuildFile; fileRef = 530912CB2C7045F200964130 /* ToastView.swift */; };
		530C765A2C7638D9007E09C6 /* LetterBoxViewModel.swift in Sources */ = {isa = PBXBuildFile; fileRef = 530C76592C7638D9007E09C6 /* LetterBoxViewModel.swift */; };
		530C765C2C76CEFC007E09C6 /* LetterBoxUseCaseStub.swift in Sources */ = {isa = PBXBuildFile; fileRef = 530C765B2C76CEFC007E09C6 /* LetterBoxUseCaseStub.swift */; };
		5329713E2C782D7A00E965B6 /* Kingfisher in Frameworks */ = {isa = PBXBuildFile; productRef = 5329713D2C782D7A00E965B6 /* Kingfisher */; };
		534C67B72C7FF85700F0C175 /* LetterContentView.swift in Sources */ = {isa = PBXBuildFile; fileRef = 534C67B62C7FF85700F0C175 /* LetterContentView.swift */; };
		53573A482C8BF18A00BD69AF /* DragHelper.swift in Sources */ = {isa = PBXBuildFile; fileRef = 53573A472C8BF18A00BD69AF /* DragHelper.swift */; };
		5359618D2C7488DD0031E181 /* TransparentBlurView.swift in Sources */ = {isa = PBXBuildFile; fileRef = 5359618C2C7488DD0031E181 /* TransparentBlurView.swift */; };
		535961912C74F5870031E181 /* CalendarView.swift in Sources */ = {isa = PBXBuildFile; fileRef = 535961902C74F5870031E181 /* CalendarView.swift */; };
		538150512C8AD5FB007B1E5A /* LayoutHelper.swift in Sources */ = {isa = PBXBuildFile; fileRef = 538150502C8AD5FB007B1E5A /* LayoutHelper.swift */; };
		538150542C8AF04B007B1E5A /* Extension+LetterType.swift in Sources */ = {isa = PBXBuildFile; fileRef = 538150532C8AF04B007B1E5A /* Extension+LetterType.swift */; };
		53972BA02C7B4DE400A8D240 /* LetterBoxDetailViewModel.swift in Sources */ = {isa = PBXBuildFile; fileRef = 53972B9F2C7B4DE400A8D240 /* LetterBoxDetailViewModel.swift */; };
		53A482D42C6B4E8600F00A9A /* LetterBoxView.swift in Sources */ = {isa = PBXBuildFile; fileRef = 53A482D32C6B4E8600F00A9A /* LetterBoxView.swift */; };
		53A482D82C6C6ACA00F00A9A /* LetterBoxDetailView.swift in Sources */ = {isa = PBXBuildFile; fileRef = 53A482D72C6C6ACA00F00A9A /* LetterBoxDetailView.swift */; };
		53A482DA2C6C6F2D00F00A9A /* LetterBoxCell.swift in Sources */ = {isa = PBXBuildFile; fileRef = 53A482D92C6C6F2D00F00A9A /* LetterBoxCell.swift */; };
		53A99EA72C8190B600896AAC /* SearchBarView.swift in Sources */ = {isa = PBXBuildFile; fileRef = 53A99EA62C8190B600896AAC /* SearchBarView.swift */; };
		53A99EA92C81914B00896AAC /* CalendarViewModel.swift in Sources */ = {isa = PBXBuildFile; fileRef = 53A99EA82C81914B00896AAC /* CalendarViewModel.swift */; };
		53BA8D212C69E4B60084D5CC /* LetterEnvelopeCell.swift in Sources */ = {isa = PBXBuildFile; fileRef = 53BA8D202C69E4B60084D5CC /* LetterEnvelopeCell.swift */; };
		53BB36422C8E943600E74A4D /* CustomStrokePathView.swift in Sources */ = {isa = PBXBuildFile; fileRef = 53BB36412C8E943600E74A4D /* CustomStrokePathView.swift */; };
		53DC1A2F2C7F0FC000575ACC /* LetterViewModel.swift in Sources */ = {isa = PBXBuildFile; fileRef = 53DC1A2E2C7F0FC000575ACC /* LetterViewModel.swift */; };
		53FC6B822C901F7700E7D9A8 /* Extension+Collection.swift in Sources */ = {isa = PBXBuildFile; fileRef = 53FC6B812C901F7700E7D9A8 /* Extension+Collection.swift */; };
		53FC6B842C90204D00E7D9A8 /* CloseButtonView.swift in Sources */ = {isa = PBXBuildFile; fileRef = 53FC6B832C90204D00E7D9A8 /* CloseButtonView.swift */; };
		53FC6B862C90207400E7D9A8 /* ContentRectangleView.swift in Sources */ = {isa = PBXBuildFile; fileRef = 53FC6B852C90207400E7D9A8 /* ContentRectangleView.swift */; };
		53FC6B882C9020C100E7D9A8 /* Extension+String.swift in Sources */ = {isa = PBXBuildFile; fileRef = 53FC6B872C9020C100E7D9A8 /* Extension+String.swift */; };
		53FC6B8A2C90221600E7D9A8 /* LetterHelper.swift in Sources */ = {isa = PBXBuildFile; fileRef = 53FC6B892C90221600E7D9A8 /* LetterHelper.swift */; };
		57485D3B2C772332000601BF /* ContentWriteView.swift in Sources */ = {isa = PBXBuildFile; fileRef = 57485D3A2C772332000601BF /* ContentWriteView.swift */; };
		577156F32C74624C00E21162 /* SourceHanSerifK-Bold.otf in Resources */ = {isa = PBXBuildFile; fileRef = 577156F22C74624C00E21162 /* SourceHanSerifK-Bold.otf */; };
		577156F52C7462E300E21162 /* MaruBuriot-Bold.otf in Resources */ = {isa = PBXBuildFile; fileRef = 577156F42C7462E300E21162 /* MaruBuriot-Bold.otf */; };
		577156F72C746A7C00E21162 /* MaruBuriot-Regular.otf in Resources */ = {isa = PBXBuildFile; fileRef = 577156F62C746A7C00E21162 /* MaruBuriot-Regular.otf */; };
		577156FD2C7584E000E21162 /* NavigationBarView.swift in Sources */ = {isa = PBXBuildFile; fileRef = 577156FC2C7584E000E21162 /* NavigationBarView.swift */; };
		577157012C75D73700E21162 /* Extension+UIApplication.swift in Sources */ = {isa = PBXBuildFile; fileRef = 577157002C75D73700E21162 /* Extension+UIApplication.swift */; };
		577157032C75D7C300E21162 /* StationerySelectionViewModel.swift in Sources */ = {isa = PBXBuildFile; fileRef = 57ED9CDD2C73698B00A4312C /* StationerySelectionViewModel.swift */; };
		577157052C75DD9900E21162 /* Writer.swift in Sources */ = {isa = PBXBuildFile; fileRef = AFA58F172C69DB1300A7C569 /* Writer.swift */; };
		5771570B2C77071400E21162 /* ContentWriteViewModel.swift in Sources */ = {isa = PBXBuildFile; fileRef = 5771570A2C77071300E21162 /* ContentWriteViewModel.swift */; };
		577C86732C8B8D5700EAB1BE /* Extension+View.swift in Sources */ = {isa = PBXBuildFile; fileRef = 577C86722C8B8D5700EAB1BE /* Extension+View.swift */; };
		57966B982C7D574E008D650B /* EnvelopeStampSelectionView.swift in Sources */ = {isa = PBXBuildFile; fileRef = 57966B972C7D574E008D650B /* EnvelopeStampSelectionView.swift */; };
		57966B9A2C7D8B45008D650B /* Extension+Date.swift in Sources */ = {isa = PBXBuildFile; fileRef = 57966B992C7D8B45008D650B /* Extension+Date.swift */; };
		57966B9C2C7D8DAF008D650B /* EnvelopeStampSelectionViewModel.swift in Sources */ = {isa = PBXBuildFile; fileRef = 57966B9B2C7D8DAF008D650B /* EnvelopeStampSelectionViewModel.swift */; };
		57966B9E2C7DB267008D650B /* Extension+TextField.swift in Sources */ = {isa = PBXBuildFile; fileRef = 57966B9D2C7DB266008D650B /* Extension+TextField.swift */; };
		57966BA02C7EC452008D650B /* SelectionTabView.swift in Sources */ = {isa = PBXBuildFile; fileRef = 57966B9F2C7EC452008D650B /* SelectionTabView.swift */; };
		57966BA42C7FF739008D650B /* PreviewLetterView.swift in Sources */ = {isa = PBXBuildFile; fileRef = 57966BA32C7FF738008D650B /* PreviewLetterView.swift */; };
		57966BA62C81FD98008D650B /* PreviewLetterViewModel.swift in Sources */ = {isa = PBXBuildFile; fileRef = 57966BA52C81FD98008D650B /* PreviewLetterViewModel.swift */; };
		57A014FE2CA57E7100580883 /* NanumMyeongjo.otf in Resources */ = {isa = PBXBuildFile; fileRef = 57A014FD2CA57E7100580883 /* NanumMyeongjo.otf */; };
		57EBE5B02C69E5F2003ECD7F /* UserSelectionView.swift in Sources */ = {isa = PBXBuildFile; fileRef = 57EBE5AF2C69E5F2003ECD7F /* UserSelectionView.swift */; };
		57EBE5B92C6B399C003ECD7F /* StationerySelectionView.swift in Sources */ = {isa = PBXBuildFile; fileRef = 57EBE5B82C6B399C003ECD7F /* StationerySelectionView.swift */; };
		57ED94FA2C84AFAC00A6F187 /* LetterWriteModel.swift in Sources */ = {isa = PBXBuildFile; fileRef = 57ED94F92C84AFAC00A6F187 /* LetterWriteModel.swift */; };
		57ED9CD52C70E4A400A4312C /* FontSelectionView.swift in Sources */ = {isa = PBXBuildFile; fileRef = 57ED9CD42C70E4A400A4312C /* FontSelectionView.swift */; };
		57ED9CD72C72C8C900A4312C /* UserSelectionViewModel.swift in Sources */ = {isa = PBXBuildFile; fileRef = 57ED9CD62C72C8C900A4312C /* UserSelectionViewModel.swift */; };
		57ED9CDA2C733D5300A4312C /* FontSelectionViewModel.swift in Sources */ = {isa = PBXBuildFile; fileRef = 57ED9CD92C733D5300A4312C /* FontSelectionViewModel.swift */; };
		57ED9CE02C73749800A4312C /* Assets.xcassets in Resources */ = {isa = PBXBuildFile; fileRef = 57ED9CDF2C73749800A4312C /* Assets.xcassets */; };
		57ED9CE32C7375FD00A4312C /* Baskervville-Regular.otf in Resources */ = {isa = PBXBuildFile; fileRef = 57ED9CE22C7375FC00A4312C /* Baskervville-Regular.otf */; };
		57ED9CE52C73760800A4312C /* goormSansOTF4.otf in Resources */ = {isa = PBXBuildFile; fileRef = 57ED9CE42C73760800A4312C /* goormSansOTF4.otf */; };
		57ED9CE72C73780100A4312C /* Pecita.otf in Resources */ = {isa = PBXBuildFile; fileRef = 57ED9CE62C73780100A4312C /* Pecita.otf */; };
		57ED9CE92C74262500A4312C /* SourceHanSerifK-Regular.otf in Resources */ = {isa = PBXBuildFile; fileRef = 57ED9CE82C74262400A4312C /* SourceHanSerifK-Regular.otf */; };
		7F23AD6C2C7432B8007E1F28 /* LetterCompletionView.swift in Sources */ = {isa = PBXBuildFile; fileRef = 7F23AD6B2C7432B8007E1F28 /* LetterCompletionView.swift */; };
		7F397C4E2C7C0ECE00388645 /* CustomTabViewModel.swift in Sources */ = {isa = PBXBuildFile; fileRef = 7F397C4D2C7C0ECE00388645 /* CustomTabViewModel.swift */; };
		7F397C552C7DF20C00388645 /* ImportDialog.swift in Sources */ = {isa = PBXBuildFile; fileRef = 7F397C542C7DF20C00388645 /* ImportDialog.swift */; };
		7F6CE9C02C6B2FEA0074568E /* CustomTabView.swift in Sources */ = {isa = PBXBuildFile; fileRef = 7F6CE9BF2C6B2FE90074568E /* CustomTabView.swift */; };
		7F6CE9C22C6B33DD0074568E /* OptionOverlay.swift in Sources */ = {isa = PBXBuildFile; fileRef = 7F6CE9C12C6B33DD0074568E /* OptionOverlay.swift */; };
		7F6CE9C42C6B50050074568E /* ImagePickerViewModel.swift in Sources */ = {isa = PBXBuildFile; fileRef = 7F6CE9C32C6B50050074568E /* ImagePickerViewModel.swift */; };
		7F6CE9E22C6E25500074568E /* CameraViewModel.swift in Sources */ = {isa = PBXBuildFile; fileRef = 7F6CE9E12C6E25500074568E /* CameraViewModel.swift */; };
		7F6CE9E62C6E28400074568E /* CameraView.swift in Sources */ = {isa = PBXBuildFile; fileRef = 7F6CE9E52C6E28400074568E /* CameraView.swift */; };
		7F78684C2C78B41A0083D204 /* ImagePickerView.swift in Sources */ = {isa = PBXBuildFile; fileRef = 7F78684B2C78B41A0083D204 /* ImagePickerView.swift */; };
		7F7868562C7B14220083D204 /* HorizontalPadding.swift in Sources */ = {isa = PBXBuildFile; fileRef = 7F7868552C7B14220083D204 /* HorizontalPadding.swift */; };
		7F9890822C7EF5C30035CB0D /* CustomTabBar.swift in Sources */ = {isa = PBXBuildFile; fileRef = 7F9890812C7EF5C30035CB0D /* CustomTabBar.swift */; };
		7FCAE2B12C73080000228FA7 /* ImagePreview.swift in Sources */ = {isa = PBXBuildFile; fileRef = 7FCAE2B02C73080000228FA7 /* ImagePreview.swift */; };
		7FCAE2B82C730E1700228FA7 /* OverlappingImagesView.swift in Sources */ = {isa = PBXBuildFile; fileRef = 7FCAE2B72C730E1700228FA7 /* OverlappingImagesView.swift */; };
		7FCAE2BA2C73102900228FA7 /* ImageDetailView.swift in Sources */ = {isa = PBXBuildFile; fileRef = 7FCAE2B92C73102900228FA7 /* ImageDetailView.swift */; };
		7FCAE2BC2C73157C00228FA7 /* LetterWritingView.swift in Sources */ = {isa = PBXBuildFile; fileRef = 7FCAE2BB2C73157C00228FA7 /* LetterWritingView.swift */; };
		8314013F2C69C34500F601FB /* Letter.swift in Sources */ = {isa = PBXBuildFile; fileRef = 8314013E2C69C34500F601FB /* Letter.swift */; };
		832C72672C71CF7B0071E8D0 /* SignUpUseCase.swift in Sources */ = {isa = PBXBuildFile; fileRef = 832C72662C71CF7B0071E8D0 /* SignUpUseCase.swift */; };
		839CE0F72C644BEF003635F3 /* KabinettApp.swift in Sources */ = {isa = PBXBuildFile; fileRef = 839CE0F62C644BEF003635F3 /* KabinettApp.swift */; };
		839CE0F92C644BEF003635F3 /* ContentView.swift in Sources */ = {isa = PBXBuildFile; fileRef = 839CE0F82C644BEF003635F3 /* ContentView.swift */; };
		839CE0FE2C644BF0003635F3 /* Preview Assets.xcassets in Resources */ = {isa = PBXBuildFile; fileRef = 839CE0FD2C644BF0003635F3 /* Preview Assets.xcassets */; };
		839CE1082C644BF0003635F3 /* KabinettTests.swift in Sources */ = {isa = PBXBuildFile; fileRef = 839CE1072C644BF0003635F3 /* KabinettTests.swift */; };
		839CE1122C644BF0003635F3 /* KabinettUITests.swift in Sources */ = {isa = PBXBuildFile; fileRef = 839CE1112C644BF0003635F3 /* KabinettUITests.swift */; };
		839CE1142C644BF0003635F3 /* KabinettUITestsLaunchTests.swift in Sources */ = {isa = PBXBuildFile; fileRef = 839CE1132C644BF0003635F3 /* KabinettUITestsLaunchTests.swift */; };
		839CE1232C645F65003635F3 /* FirebaseAnalytics in Frameworks */ = {isa = PBXBuildFile; productRef = 839CE1222C645F65003635F3 /* FirebaseAnalytics */; };
		839CE1252C645F65003635F3 /* FirebaseAuth in Frameworks */ = {isa = PBXBuildFile; productRef = 839CE1242C645F65003635F3 /* FirebaseAuth */; };
		839CE1272C645F65003635F3 /* FirebaseDatabase in Frameworks */ = {isa = PBXBuildFile; productRef = 839CE1262C645F65003635F3 /* FirebaseDatabase */; };
		839CE1292C645F65003635F3 /* FirebaseFirestore in Frameworks */ = {isa = PBXBuildFile; productRef = 839CE1282C645F65003635F3 /* FirebaseFirestore */; };
		839CE12B2C645F65003635F3 /* FirebaseStorage in Frameworks */ = {isa = PBXBuildFile; productRef = 839CE12A2C645F65003635F3 /* FirebaseStorage */; };
		839CE12D2C645F89003635F3 /* GoogleService-Info.plist in Resources */ = {isa = PBXBuildFile; fileRef = 839CE12C2C645F89003635F3 /* GoogleService-Info.plist */; };
		83A826CD2C6F2D23006FB09B /* ProfileUseCase.swift in Sources */ = {isa = PBXBuildFile; fileRef = 83A826CC2C6F2D23006FB09B /* ProfileUseCase.swift */; };
		83CA92AB2C8160CB00DFB68B /* Publisher+.swift in Sources */ = {isa = PBXBuildFile; fileRef = 83CA92AA2C8160CB00DFB68B /* Publisher+.swift */; };
		83CA92AE2C8181DB00DFB68B /* FirestorageWriterManager.swift in Sources */ = {isa = PBXBuildFile; fileRef = 83CA92AD2C8181DB00DFB68B /* FirestorageWriterManager.swift */; };
		83D9C8E52C830C7600EF2684 /* DefaultSignUpUseCase.swift in Sources */ = {isa = PBXBuildFile; fileRef = 83D9C8E42C830C7600EF2684 /* DefaultSignUpUseCase.swift */; };
		83F0D6852C705E42001B8733 /* AuthManager.swift in Sources */ = {isa = PBXBuildFile; fileRef = 83F0D6842C705E42001B8733 /* AuthManager.swift */; };
		83F0D6872C7072DB001B8733 /* FirestoreWriterManager.swift in Sources */ = {isa = PBXBuildFile; fileRef = 83F0D6862C7072DB001B8733 /* FirestoreWriterManager.swift */; };
		AF9B18F82C894B5900F3E446 /* DefaultImportLetterUseCase.swift in Sources */ = {isa = PBXBuildFile; fileRef = AF9B18F72C894B5900F3E446 /* DefaultImportLetterUseCase.swift */; };
		AF9B18FA2C894B7100F3E446 /* DefaultLetterBoxUseCase.swift in Sources */ = {isa = PBXBuildFile; fileRef = AF9B18F92C894B7100F3E446 /* DefaultLetterBoxUseCase.swift */; };
		AFA58F222C6A004C00A7C569 /* WriteLetterUseCase.swift in Sources */ = {isa = PBXBuildFile; fileRef = AFA58F212C6A004C00A7C569 /* WriteLetterUseCase.swift */; };
		AFA58F242C6A02BF00A7C569 /* ImportLetterUseCase.swift in Sources */ = {isa = PBXBuildFile; fileRef = AFA58F232C6A02BF00A7C569 /* ImportLetterUseCase.swift */; };
		AFA58F302C6C4B2A00A7C569 /* LetterBoxUseCase.swift in Sources */ = {isa = PBXBuildFile; fileRef = AFA58F2F2C6C4B2A00A7C569 /* LetterBoxUseCase.swift */; };
		AFB88B592C89410600E79F90 /* DefaultWriteLetterUseCase.swift in Sources */ = {isa = PBXBuildFile; fileRef = AFB88B582C89410600E79F90 /* DefaultWriteLetterUseCase.swift */; };
		AFCFDFC32C7C3F2A00BEFFDF /* DefaultProfileUseCase.swift in Sources */ = {isa = PBXBuildFile; fileRef = 83949C892C71BC0F0080D72C /* DefaultProfileUseCase.swift */; };
		AFCFDFC42C7C3F2A00BEFFDF /* FirestoreLetterManager.swift in Sources */ = {isa = PBXBuildFile; fileRef = AFA58F252C6AE33D00A7C569 /* FirestoreLetterManager.swift */; };
		AFDE7D2E2C75797A0019F2DE /* FirestorageLetterManager.swift in Sources */ = {isa = PBXBuildFile; fileRef = AFDE7D2D2C75797A0019F2DE /* FirestorageLetterManager.swift */; };
		E2E0DCD12CAED20800596DF7 /* LoadingView.swift in Sources */ = {isa = PBXBuildFile; fileRef = E2E0DCD02CAED20800596DF7 /* LoadingView.swift */; };
/* End PBXBuildFile section */

/* Begin PBXContainerItemProxy section */
		839CE1042C644BF0003635F3 /* PBXContainerItemProxy */ = {
			isa = PBXContainerItemProxy;
			containerPortal = 839CE0EB2C644BEF003635F3 /* Project object */;
			proxyType = 1;
			remoteGlobalIDString = 839CE0F22C644BEF003635F3;
			remoteInfo = Kabinett;
		};
		839CE10E2C644BF0003635F3 /* PBXContainerItemProxy */ = {
			isa = PBXContainerItemProxy;
			containerPortal = 839CE0EB2C644BEF003635F3 /* Project object */;
			proxyType = 1;
			remoteGlobalIDString = 839CE0F22C644BEF003635F3;
			remoteInfo = Kabinett;
		};
/* End PBXContainerItemProxy section */

/* Begin PBXFileReference section */
		04D182782C881EBE0038DA57 /* Settings.bundle */ = {isa = PBXFileReference; lastKnownFileType = "wrapper.plug-in"; path = Settings.bundle; sourceTree = "<group>"; };
		04DEC0DC2C6A3AD600D289EA /* SignUpView.swift */ = {isa = PBXFileReference; lastKnownFileType = sourcecode.swift; path = SignUpView.swift; sourceTree = "<group>"; };
		04DEC0E02C6AFA7500D289EA /* SignUpNameInputView.swift */ = {isa = PBXFileReference; lastKnownFileType = sourcecode.swift; path = SignUpNameInputView.swift; sourceTree = "<group>"; };
		04DEC0E22C6B2E1C00D289EA /* SignUpKabinettNumberSelectView.swift */ = {isa = PBXFileReference; lastKnownFileType = sourcecode.swift; path = SignUpKabinettNumberSelectView.swift; sourceTree = "<group>"; };
		04DEC0E62C6C6C7300D289EA /* ProfileView.swift */ = {isa = PBXFileReference; lastKnownFileType = sourcecode.swift; path = ProfileView.swift; sourceTree = "<group>"; };
		04DEC0E82C6C799500D289EA /* SettingsView.swift */ = {isa = PBXFileReference; lastKnownFileType = sourcecode.swift; path = SettingsView.swift; sourceTree = "<group>"; };
		04DEC0EA2C6C87B500D289EA /* AccountSettingsView.swift */ = {isa = PBXFileReference; lastKnownFileType = sourcecode.swift; path = AccountSettingsView.swift; sourceTree = "<group>"; };
		04DEC0EC2C6C882100D289EA /* ProfileSettingsView.swift */ = {isa = PBXFileReference; lastKnownFileType = sourcecode.swift; path = ProfileSettingsView.swift; sourceTree = "<group>"; };
		04DEC0F02C6E136F00D289EA /* Info.plist */ = {isa = PBXFileReference; lastKnownFileType = text.plist; path = Info.plist; sourceTree = "<group>"; };
		04DEC0F12C6E18EE00D289EA /* ProfileViewModel.swift */ = {isa = PBXFileReference; lastKnownFileType = sourcecode.swift; path = ProfileViewModel.swift; sourceTree = "<group>"; };
		04DEC0F32C6F171E00D289EA /* SignUpViewModel.swift */ = {isa = PBXFileReference; lastKnownFileType = sourcecode.swift; path = SignUpViewModel.swift; sourceTree = "<group>"; };
		04DEC0F92C75863600D289EA /* CropBox.swift */ = {isa = PBXFileReference; lastKnownFileType = sourcecode.swift; path = CropBox.swift; sourceTree = "<group>"; };
		04DEC0FB2C7D96BC00D289EA /* ImageCropper.swift */ = {isa = PBXFileReference; lastKnownFileType = sourcecode.swift; path = ImageCropper.swift; sourceTree = "<group>"; };
		04DEC0FD2C7EDB1100D289EA /* KabinettNumberFormatter.swift */ = {isa = PBXFileReference; lastKnownFileType = sourcecode.swift; path = KabinettNumberFormatter.swift; sourceTree = "<group>"; };
		5300DA4D2C7EC2F9005F22EB /* LetterView.swift */ = {isa = PBXFileReference; lastKnownFileType = sourcecode.swift; path = LetterView.swift; sourceTree = "<group>"; };
		530912CB2C7045F200964130 /* ToastView.swift */ = {isa = PBXFileReference; lastKnownFileType = sourcecode.swift; path = ToastView.swift; sourceTree = "<group>"; };
		530C76592C7638D9007E09C6 /* LetterBoxViewModel.swift */ = {isa = PBXFileReference; lastKnownFileType = sourcecode.swift; path = LetterBoxViewModel.swift; sourceTree = "<group>"; };
		530C765B2C76CEFC007E09C6 /* LetterBoxUseCaseStub.swift */ = {isa = PBXFileReference; lastKnownFileType = sourcecode.swift; path = LetterBoxUseCaseStub.swift; sourceTree = "<group>"; };
		534C67B62C7FF85700F0C175 /* LetterContentView.swift */ = {isa = PBXFileReference; lastKnownFileType = sourcecode.swift; path = LetterContentView.swift; sourceTree = "<group>"; };
		53573A472C8BF18A00BD69AF /* DragHelper.swift */ = {isa = PBXFileReference; lastKnownFileType = sourcecode.swift; path = DragHelper.swift; sourceTree = "<group>"; };
		5359618C2C7488DD0031E181 /* TransparentBlurView.swift */ = {isa = PBXFileReference; lastKnownFileType = sourcecode.swift; path = TransparentBlurView.swift; sourceTree = "<group>"; };
		535961902C74F5870031E181 /* CalendarView.swift */ = {isa = PBXFileReference; lastKnownFileType = sourcecode.swift; path = CalendarView.swift; sourceTree = "<group>"; };
		538150502C8AD5FB007B1E5A /* LayoutHelper.swift */ = {isa = PBXFileReference; lastKnownFileType = sourcecode.swift; path = LayoutHelper.swift; sourceTree = "<group>"; };
		538150532C8AF04B007B1E5A /* Extension+LetterType.swift */ = {isa = PBXFileReference; lastKnownFileType = sourcecode.swift; path = "Extension+LetterType.swift"; sourceTree = "<group>"; };
		53972B9F2C7B4DE400A8D240 /* LetterBoxDetailViewModel.swift */ = {isa = PBXFileReference; lastKnownFileType = sourcecode.swift; path = LetterBoxDetailViewModel.swift; sourceTree = "<group>"; };
		53A482D32C6B4E8600F00A9A /* LetterBoxView.swift */ = {isa = PBXFileReference; lastKnownFileType = sourcecode.swift; path = LetterBoxView.swift; sourceTree = "<group>"; };
		53A482D72C6C6ACA00F00A9A /* LetterBoxDetailView.swift */ = {isa = PBXFileReference; lastKnownFileType = sourcecode.swift; path = LetterBoxDetailView.swift; sourceTree = "<group>"; };
		53A482D92C6C6F2D00F00A9A /* LetterBoxCell.swift */ = {isa = PBXFileReference; lastKnownFileType = sourcecode.swift; path = LetterBoxCell.swift; sourceTree = "<group>"; };
		53A99EA62C8190B600896AAC /* SearchBarView.swift */ = {isa = PBXFileReference; lastKnownFileType = sourcecode.swift; path = SearchBarView.swift; sourceTree = "<group>"; };
		53A99EA82C81914B00896AAC /* CalendarViewModel.swift */ = {isa = PBXFileReference; lastKnownFileType = sourcecode.swift; path = CalendarViewModel.swift; sourceTree = "<group>"; };
		53BA8D202C69E4B60084D5CC /* LetterEnvelopeCell.swift */ = {isa = PBXFileReference; lastKnownFileType = sourcecode.swift; path = LetterEnvelopeCell.swift; sourceTree = "<group>"; };
		53BB36412C8E943600E74A4D /* CustomStrokePathView.swift */ = {isa = PBXFileReference; lastKnownFileType = sourcecode.swift; path = CustomStrokePathView.swift; sourceTree = "<group>"; };
		53DC1A2E2C7F0FC000575ACC /* LetterViewModel.swift */ = {isa = PBXFileReference; lastKnownFileType = sourcecode.swift; path = LetterViewModel.swift; sourceTree = "<group>"; };
		53FC6B812C901F7700E7D9A8 /* Extension+Collection.swift */ = {isa = PBXFileReference; lastKnownFileType = sourcecode.swift; path = "Extension+Collection.swift"; sourceTree = "<group>"; };
		53FC6B832C90204D00E7D9A8 /* CloseButtonView.swift */ = {isa = PBXFileReference; lastKnownFileType = sourcecode.swift; path = CloseButtonView.swift; sourceTree = "<group>"; };
		53FC6B852C90207400E7D9A8 /* ContentRectangleView.swift */ = {isa = PBXFileReference; lastKnownFileType = sourcecode.swift; path = ContentRectangleView.swift; sourceTree = "<group>"; };
		53FC6B872C9020C100E7D9A8 /* Extension+String.swift */ = {isa = PBXFileReference; lastKnownFileType = sourcecode.swift; path = "Extension+String.swift"; sourceTree = "<group>"; };
		53FC6B892C90221600E7D9A8 /* LetterHelper.swift */ = {isa = PBXFileReference; lastKnownFileType = sourcecode.swift; path = LetterHelper.swift; sourceTree = "<group>"; };
		57485D3A2C772332000601BF /* ContentWriteView.swift */ = {isa = PBXFileReference; lastKnownFileType = sourcecode.swift; path = ContentWriteView.swift; sourceTree = "<group>"; };
		577156F22C74624C00E21162 /* SourceHanSerifK-Bold.otf */ = {isa = PBXFileReference; lastKnownFileType = file; path = "SourceHanSerifK-Bold.otf"; sourceTree = "<group>"; };
		577156F42C7462E300E21162 /* MaruBuriot-Bold.otf */ = {isa = PBXFileReference; lastKnownFileType = file; path = "MaruBuriot-Bold.otf"; sourceTree = "<group>"; };
		577156F62C746A7C00E21162 /* MaruBuriot-Regular.otf */ = {isa = PBXFileReference; lastKnownFileType = file; path = "MaruBuriot-Regular.otf"; sourceTree = "<group>"; };
		577156FC2C7584E000E21162 /* NavigationBarView.swift */ = {isa = PBXFileReference; lastKnownFileType = sourcecode.swift; path = NavigationBarView.swift; sourceTree = "<group>"; };
		577157002C75D73700E21162 /* Extension+UIApplication.swift */ = {isa = PBXFileReference; lastKnownFileType = sourcecode.swift; path = "Extension+UIApplication.swift"; sourceTree = "<group>"; };
		5771570A2C77071300E21162 /* ContentWriteViewModel.swift */ = {isa = PBXFileReference; lastKnownFileType = sourcecode.swift; path = ContentWriteViewModel.swift; sourceTree = "<group>"; };
		577C86722C8B8D5700EAB1BE /* Extension+View.swift */ = {isa = PBXFileReference; lastKnownFileType = sourcecode.swift; path = "Extension+View.swift"; sourceTree = "<group>"; };
		57966B972C7D574E008D650B /* EnvelopeStampSelectionView.swift */ = {isa = PBXFileReference; lastKnownFileType = sourcecode.swift; path = EnvelopeStampSelectionView.swift; sourceTree = "<group>"; };
		57966B992C7D8B45008D650B /* Extension+Date.swift */ = {isa = PBXFileReference; lastKnownFileType = sourcecode.swift; path = "Extension+Date.swift"; sourceTree = "<group>"; };
		57966B9B2C7D8DAF008D650B /* EnvelopeStampSelectionViewModel.swift */ = {isa = PBXFileReference; lastKnownFileType = sourcecode.swift; path = EnvelopeStampSelectionViewModel.swift; sourceTree = "<group>"; };
		57966B9D2C7DB266008D650B /* Extension+TextField.swift */ = {isa = PBXFileReference; lastKnownFileType = sourcecode.swift; path = "Extension+TextField.swift"; sourceTree = "<group>"; };
		57966B9F2C7EC452008D650B /* SelectionTabView.swift */ = {isa = PBXFileReference; lastKnownFileType = sourcecode.swift; path = SelectionTabView.swift; sourceTree = "<group>"; };
		57966BA32C7FF738008D650B /* PreviewLetterView.swift */ = {isa = PBXFileReference; lastKnownFileType = sourcecode.swift; path = PreviewLetterView.swift; sourceTree = "<group>"; };
		57966BA52C81FD98008D650B /* PreviewLetterViewModel.swift */ = {isa = PBXFileReference; lastKnownFileType = sourcecode.swift; path = PreviewLetterViewModel.swift; sourceTree = "<group>"; };
		57A014FD2CA57E7100580883 /* NanumMyeongjo.otf */ = {isa = PBXFileReference; lastKnownFileType = file; path = NanumMyeongjo.otf; sourceTree = "<group>"; };
		57EBE5AF2C69E5F2003ECD7F /* UserSelectionView.swift */ = {isa = PBXFileReference; lastKnownFileType = sourcecode.swift; path = UserSelectionView.swift; sourceTree = "<group>"; };
		57EBE5B82C6B399C003ECD7F /* StationerySelectionView.swift */ = {isa = PBXFileReference; lastKnownFileType = sourcecode.swift; path = StationerySelectionView.swift; sourceTree = "<group>"; };
		57ED94F92C84AFAC00A6F187 /* LetterWriteModel.swift */ = {isa = PBXFileReference; fileEncoding = 4; lastKnownFileType = sourcecode.swift; name = LetterWriteModel.swift; path = Kabinett/Presentation/ViewModel/WriteLetter/LetterWriteModel.swift; sourceTree = SOURCE_ROOT; };
		57ED9CD42C70E4A400A4312C /* FontSelectionView.swift */ = {isa = PBXFileReference; lastKnownFileType = sourcecode.swift; path = FontSelectionView.swift; sourceTree = "<group>"; };
		57ED9CD62C72C8C900A4312C /* UserSelectionViewModel.swift */ = {isa = PBXFileReference; lastKnownFileType = sourcecode.swift; path = UserSelectionViewModel.swift; sourceTree = "<group>"; };
		57ED9CD92C733D5300A4312C /* FontSelectionViewModel.swift */ = {isa = PBXFileReference; lastKnownFileType = sourcecode.swift; path = FontSelectionViewModel.swift; sourceTree = "<group>"; };
		57ED9CDD2C73698B00A4312C /* StationerySelectionViewModel.swift */ = {isa = PBXFileReference; lastKnownFileType = sourcecode.swift; path = StationerySelectionViewModel.swift; sourceTree = "<group>"; };
		57ED9CDF2C73749800A4312C /* Assets.xcassets */ = {isa = PBXFileReference; lastKnownFileType = folder.assetcatalog; name = Assets.xcassets; path = Kabinett/Assets.xcassets; sourceTree = SOURCE_ROOT; };
		57ED9CE22C7375FC00A4312C /* Baskervville-Regular.otf */ = {isa = PBXFileReference; lastKnownFileType = file; path = "Baskervville-Regular.otf"; sourceTree = "<group>"; };
		57ED9CE42C73760800A4312C /* goormSansOTF4.otf */ = {isa = PBXFileReference; lastKnownFileType = file; path = goormSansOTF4.otf; sourceTree = "<group>"; };
		57ED9CE62C73780100A4312C /* Pecita.otf */ = {isa = PBXFileReference; lastKnownFileType = file; path = Pecita.otf; sourceTree = "<group>"; };
		57ED9CE82C74262400A4312C /* SourceHanSerifK-Regular.otf */ = {isa = PBXFileReference; lastKnownFileType = file; path = "SourceHanSerifK-Regular.otf"; sourceTree = "<group>"; };
		7F23AD6B2C7432B8007E1F28 /* LetterCompletionView.swift */ = {isa = PBXFileReference; lastKnownFileType = sourcecode.swift; path = LetterCompletionView.swift; sourceTree = "<group>"; };
		7F397C4D2C7C0ECE00388645 /* CustomTabViewModel.swift */ = {isa = PBXFileReference; lastKnownFileType = sourcecode.swift; path = CustomTabViewModel.swift; sourceTree = "<group>"; };
		7F397C542C7DF20C00388645 /* ImportDialog.swift */ = {isa = PBXFileReference; lastKnownFileType = sourcecode.swift; path = ImportDialog.swift; sourceTree = "<group>"; };
		7F6CE9BF2C6B2FE90074568E /* CustomTabView.swift */ = {isa = PBXFileReference; lastKnownFileType = sourcecode.swift; path = CustomTabView.swift; sourceTree = "<group>"; };
		7F6CE9C12C6B33DD0074568E /* OptionOverlay.swift */ = {isa = PBXFileReference; lastKnownFileType = sourcecode.swift; path = OptionOverlay.swift; sourceTree = "<group>"; };
		7F6CE9C32C6B50050074568E /* ImagePickerViewModel.swift */ = {isa = PBXFileReference; lastKnownFileType = sourcecode.swift; path = ImagePickerViewModel.swift; sourceTree = "<group>"; };
		7F6CE9E12C6E25500074568E /* CameraViewModel.swift */ = {isa = PBXFileReference; lastKnownFileType = sourcecode.swift; path = CameraViewModel.swift; sourceTree = "<group>"; };
		7F6CE9E52C6E28400074568E /* CameraView.swift */ = {isa = PBXFileReference; lastKnownFileType = sourcecode.swift; path = CameraView.swift; sourceTree = "<group>"; };
		7F78684B2C78B41A0083D204 /* ImagePickerView.swift */ = {isa = PBXFileReference; lastKnownFileType = sourcecode.swift; path = ImagePickerView.swift; sourceTree = "<group>"; };
		7F7868552C7B14220083D204 /* HorizontalPadding.swift */ = {isa = PBXFileReference; lastKnownFileType = sourcecode.swift; path = HorizontalPadding.swift; sourceTree = "<group>"; };
		7F9890812C7EF5C30035CB0D /* CustomTabBar.swift */ = {isa = PBXFileReference; lastKnownFileType = sourcecode.swift; path = CustomTabBar.swift; sourceTree = "<group>"; };
		7FCAE2B02C73080000228FA7 /* ImagePreview.swift */ = {isa = PBXFileReference; lastKnownFileType = sourcecode.swift; path = ImagePreview.swift; sourceTree = "<group>"; };
		7FCAE2B72C730E1700228FA7 /* OverlappingImagesView.swift */ = {isa = PBXFileReference; lastKnownFileType = sourcecode.swift; path = OverlappingImagesView.swift; sourceTree = "<group>"; };
		7FCAE2B92C73102900228FA7 /* ImageDetailView.swift */ = {isa = PBXFileReference; lastKnownFileType = sourcecode.swift; path = ImageDetailView.swift; sourceTree = "<group>"; };
		7FCAE2BB2C73157C00228FA7 /* LetterWritingView.swift */ = {isa = PBXFileReference; lastKnownFileType = sourcecode.swift; path = LetterWritingView.swift; sourceTree = "<group>"; };
		8314013E2C69C34500F601FB /* Letter.swift */ = {isa = PBXFileReference; lastKnownFileType = sourcecode.swift; path = Letter.swift; sourceTree = "<group>"; };
		832C72662C71CF7B0071E8D0 /* SignUpUseCase.swift */ = {isa = PBXFileReference; lastKnownFileType = sourcecode.swift; path = SignUpUseCase.swift; sourceTree = "<group>"; };
		83949C892C71BC0F0080D72C /* DefaultProfileUseCase.swift */ = {isa = PBXFileReference; lastKnownFileType = sourcecode.swift; path = DefaultProfileUseCase.swift; sourceTree = "<group>"; };
		839CE0F32C644BEF003635F3 /* Kabinett.app */ = {isa = PBXFileReference; explicitFileType = wrapper.application; includeInIndex = 0; path = Kabinett.app; sourceTree = BUILT_PRODUCTS_DIR; };
		839CE0F62C644BEF003635F3 /* KabinettApp.swift */ = {isa = PBXFileReference; lastKnownFileType = sourcecode.swift; path = KabinettApp.swift; sourceTree = "<group>"; };
		839CE0F82C644BEF003635F3 /* ContentView.swift */ = {isa = PBXFileReference; lastKnownFileType = sourcecode.swift; path = ContentView.swift; sourceTree = "<group>"; };
		839CE0FD2C644BF0003635F3 /* Preview Assets.xcassets */ = {isa = PBXFileReference; lastKnownFileType = folder.assetcatalog; path = "Preview Assets.xcassets"; sourceTree = "<group>"; };
		839CE1032C644BF0003635F3 /* KabinettTests.xctest */ = {isa = PBXFileReference; explicitFileType = wrapper.cfbundle; includeInIndex = 0; path = KabinettTests.xctest; sourceTree = BUILT_PRODUCTS_DIR; };
		839CE1072C644BF0003635F3 /* KabinettTests.swift */ = {isa = PBXFileReference; lastKnownFileType = sourcecode.swift; path = KabinettTests.swift; sourceTree = "<group>"; };
		839CE10D2C644BF0003635F3 /* KabinettUITests.xctest */ = {isa = PBXFileReference; explicitFileType = wrapper.cfbundle; includeInIndex = 0; path = KabinettUITests.xctest; sourceTree = BUILT_PRODUCTS_DIR; };
		839CE1112C644BF0003635F3 /* KabinettUITests.swift */ = {isa = PBXFileReference; lastKnownFileType = sourcecode.swift; path = KabinettUITests.swift; sourceTree = "<group>"; };
		839CE1132C644BF0003635F3 /* KabinettUITestsLaunchTests.swift */ = {isa = PBXFileReference; lastKnownFileType = sourcecode.swift; path = KabinettUITestsLaunchTests.swift; sourceTree = "<group>"; };
		839CE1202C645274003635F3 /* Kabinett.entitlements */ = {isa = PBXFileReference; lastKnownFileType = text.plist.entitlements; path = Kabinett.entitlements; sourceTree = "<group>"; };
		839CE12C2C645F89003635F3 /* GoogleService-Info.plist */ = {isa = PBXFileReference; fileEncoding = 4; lastKnownFileType = text.plist.xml; path = "GoogleService-Info.plist"; sourceTree = "<group>"; };
		83A826CC2C6F2D23006FB09B /* ProfileUseCase.swift */ = {isa = PBXFileReference; lastKnownFileType = sourcecode.swift; path = ProfileUseCase.swift; sourceTree = "<group>"; };
		83CA92AA2C8160CB00DFB68B /* Publisher+.swift */ = {isa = PBXFileReference; lastKnownFileType = sourcecode.swift; path = "Publisher+.swift"; sourceTree = "<group>"; };
		83CA92AD2C8181DB00DFB68B /* FirestorageWriterManager.swift */ = {isa = PBXFileReference; lastKnownFileType = sourcecode.swift; path = FirestorageWriterManager.swift; sourceTree = "<group>"; };
		83D9C8E42C830C7600EF2684 /* DefaultSignUpUseCase.swift */ = {isa = PBXFileReference; lastKnownFileType = sourcecode.swift; path = DefaultSignUpUseCase.swift; sourceTree = "<group>"; };
		83F0D6842C705E42001B8733 /* AuthManager.swift */ = {isa = PBXFileReference; lastKnownFileType = sourcecode.swift; path = AuthManager.swift; sourceTree = "<group>"; };
		83F0D6862C7072DB001B8733 /* FirestoreWriterManager.swift */ = {isa = PBXFileReference; lastKnownFileType = sourcecode.swift; path = FirestoreWriterManager.swift; sourceTree = "<group>"; };
		AF9B18F72C894B5900F3E446 /* DefaultImportLetterUseCase.swift */ = {isa = PBXFileReference; lastKnownFileType = sourcecode.swift; path = DefaultImportLetterUseCase.swift; sourceTree = "<group>"; };
		AF9B18F92C894B7100F3E446 /* DefaultLetterBoxUseCase.swift */ = {isa = PBXFileReference; lastKnownFileType = sourcecode.swift; path = DefaultLetterBoxUseCase.swift; sourceTree = "<group>"; };
		AFA58F172C69DB1300A7C569 /* Writer.swift */ = {isa = PBXFileReference; lastKnownFileType = sourcecode.swift; path = Writer.swift; sourceTree = "<group>"; };
		AFA58F212C6A004C00A7C569 /* WriteLetterUseCase.swift */ = {isa = PBXFileReference; lastKnownFileType = sourcecode.swift; path = WriteLetterUseCase.swift; sourceTree = "<group>"; };
		AFA58F232C6A02BF00A7C569 /* ImportLetterUseCase.swift */ = {isa = PBXFileReference; lastKnownFileType = sourcecode.swift; path = ImportLetterUseCase.swift; sourceTree = "<group>"; };
		AFA58F252C6AE33D00A7C569 /* FirestoreLetterManager.swift */ = {isa = PBXFileReference; lastKnownFileType = sourcecode.swift; path = FirestoreLetterManager.swift; sourceTree = "<group>"; };
		AFA58F2F2C6C4B2A00A7C569 /* LetterBoxUseCase.swift */ = {isa = PBXFileReference; lastKnownFileType = sourcecode.swift; path = LetterBoxUseCase.swift; sourceTree = "<group>"; };
		AFB88B582C89410600E79F90 /* DefaultWriteLetterUseCase.swift */ = {isa = PBXFileReference; lastKnownFileType = sourcecode.swift; path = DefaultWriteLetterUseCase.swift; sourceTree = "<group>"; };
		AFDE7D2D2C75797A0019F2DE /* FirestorageLetterManager.swift */ = {isa = PBXFileReference; lastKnownFileType = sourcecode.swift; path = FirestorageLetterManager.swift; sourceTree = "<group>"; };
		E2E0DCD02CAED20800596DF7 /* LoadingView.swift */ = {isa = PBXFileReference; lastKnownFileType = sourcecode.swift; path = LoadingView.swift; sourceTree = "<group>"; };
/* End PBXFileReference section */

/* Begin PBXFrameworksBuildPhase section */
		839CE0F02C644BEF003635F3 /* Frameworks */ = {
			isa = PBXFrameworksBuildPhase;
			buildActionMask = 2147483647;
			files = (
				5329713E2C782D7A00E965B6 /* Kingfisher in Frameworks */,
				839CE1272C645F65003635F3 /* FirebaseDatabase in Frameworks */,
				839CE1292C645F65003635F3 /* FirebaseFirestore in Frameworks */,
				839CE1232C645F65003635F3 /* FirebaseAnalytics in Frameworks */,
				839CE12B2C645F65003635F3 /* FirebaseStorage in Frameworks */,
				839CE1252C645F65003635F3 /* FirebaseAuth in Frameworks */,
			);
			runOnlyForDeploymentPostprocessing = 0;
		};
		839CE1002C644BF0003635F3 /* Frameworks */ = {
			isa = PBXFrameworksBuildPhase;
			buildActionMask = 2147483647;
			files = (
			);
			runOnlyForDeploymentPostprocessing = 0;
		};
		839CE10A2C644BF0003635F3 /* Frameworks */ = {
			isa = PBXFrameworksBuildPhase;
			buildActionMask = 2147483647;
			files = (
			);
			runOnlyForDeploymentPostprocessing = 0;
		};
/* End PBXFrameworksBuildPhase section */

/* Begin PBXGroup section */
		536AE7FB2C94881C002A3046 /* Cells */ = {
			isa = PBXGroup;
			children = (
				53BA8D202C69E4B60084D5CC /* LetterEnvelopeCell.swift */,
				53A482D92C6C6F2D00F00A9A /* LetterBoxCell.swift */,
			);
			path = Cells;
			sourceTree = "<group>";
		};
		5381504D2C8AD44A007B1E5A /* Helpers */ = {
			isa = PBXGroup;
			children = (
				538150502C8AD5FB007B1E5A /* LayoutHelper.swift */,
				53573A472C8BF18A00BD69AF /* DragHelper.swift */,
				53FC6B892C90221600E7D9A8 /* LetterHelper.swift */,
			);
			path = Helpers;
			sourceTree = "<group>";
		};
		5381504E2C8AD4C9007B1E5A /* Stubs */ = {
			isa = PBXGroup;
			children = (
				530C765B2C76CEFC007E09C6 /* LetterBoxUseCaseStub.swift */,
			);
			path = Stubs;
			sourceTree = "<group>";
		};
		5381504F2C8AD54A007B1E5A /* Components */ = {
			isa = PBXGroup;
			children = (
				530912CB2C7045F200964130 /* ToastView.swift */,
				535961902C74F5870031E181 /* CalendarView.swift */,
				53A99EA62C8190B600896AAC /* SearchBarView.swift */,
				5359618C2C7488DD0031E181 /* TransparentBlurView.swift */,
				53BB36412C8E943600E74A4D /* CustomStrokePathView.swift */,
				53FC6B832C90204D00E7D9A8 /* CloseButtonView.swift */,
				53FC6B852C90207400E7D9A8 /* ContentRectangleView.swift */,
			);
			path = Components;
			sourceTree = "<group>";
		};
		57635A6B2C88890E00727CC5 /* Extension */ = {
			isa = PBXGroup;
			children = (
				538150532C8AF04B007B1E5A /* Extension+LetterType.swift */,
				53FC6B812C901F7700E7D9A8 /* Extension+Collection.swift */,
				53FC6B872C9020C100E7D9A8 /* Extension+String.swift */,
				577157002C75D73700E21162 /* Extension+UIApplication.swift */,
				57966B992C7D8B45008D650B /* Extension+Date.swift */,
				57966B9D2C7DB266008D650B /* Extension+TextField.swift */,
				577C86722C8B8D5700EAB1BE /* Extension+View.swift */,
			);
			path = Extension;
			sourceTree = "<group>";
		};
		57ED9CE12C7375AC00A4312C /* Font */ = {
			isa = PBXGroup;
			children = (
				57A014FD2CA57E7100580883 /* NanumMyeongjo.otf */,
				577156F22C74624C00E21162 /* SourceHanSerifK-Bold.otf */,
				57ED9CE82C74262400A4312C /* SourceHanSerifK-Regular.otf */,
				577156F62C746A7C00E21162 /* MaruBuriot-Regular.otf */,
				577156F42C7462E300E21162 /* MaruBuriot-Bold.otf */,
				57ED9CE42C73760800A4312C /* goormSansOTF4.otf */,
				57ED9CE22C7375FC00A4312C /* Baskervville-Regular.otf */,
				57ED9CE62C73780100A4312C /* Pecita.otf */,
			);
			path = Font;
			sourceTree = "<group>";
		};
		7F397C4F2C7C381E00388645 /* Camera */ = {
			isa = PBXGroup;
			children = (
				7F6CE9E52C6E28400074568E /* CameraView.swift */,
			);
			path = Camera;
			sourceTree = "<group>";
		};
		7F397C502C7C382A00388645 /* CustomTabView */ = {
			isa = PBXGroup;
			children = (
				7F6CE9BF2C6B2FE90074568E /* CustomTabView.swift */,
				7F9890812C7EF5C30035CB0D /* CustomTabBar.swift */,
				7F6CE9C12C6B33DD0074568E /* OptionOverlay.swift */,
				7F397C542C7DF20C00388645 /* ImportDialog.swift */,
			);
			path = CustomTabView;
			sourceTree = "<group>";
		};
		7F397C512C7C386500388645 /* PhotoImporting */ = {
			isa = PBXGroup;
			children = (
				7FCAE2B02C73080000228FA7 /* ImagePreview.swift */,
				7FCAE2B92C73102900228FA7 /* ImageDetailView.swift */,
				7FCAE2B72C730E1700228FA7 /* OverlappingImagesView.swift */,
				7FCAE2BB2C73157C00228FA7 /* LetterWritingView.swift */,
				7F78684B2C78B41A0083D204 /* ImagePickerView.swift */,
				7F23AD6B2C7432B8007E1F28 /* LetterCompletionView.swift */,
			);
			path = PhotoImporting;
			sourceTree = "<group>";
		};
		830CE3CD2CA2E35B00740627 /* Services */ = {
			isa = PBXGroup;
			children = (
				83F0D6842C705E42001B8733 /* AuthManager.swift */,
				83F0D6862C7072DB001B8733 /* FirestoreWriterManager.swift */,
				AFA58F252C6AE33D00A7C569 /* FirestoreLetterManager.swift */,
				83CA92AD2C8181DB00DFB68B /* FirestorageWriterManager.swift */,
				AFDE7D2D2C75797A0019F2DE /* FirestorageLetterManager.swift */,
			);
			path = Services;
			sourceTree = "<group>";
		};
		830CE3CE2CA2E37100740627 /* DefaultUseCases */ = {
			isa = PBXGroup;
			children = (
				AFB88B582C89410600E79F90 /* DefaultWriteLetterUseCase.swift */,
				AF9B18F72C894B5900F3E446 /* DefaultImportLetterUseCase.swift */,
				AF9B18F92C894B7100F3E446 /* DefaultLetterBoxUseCase.swift */,
				83949C892C71BC0F0080D72C /* DefaultProfileUseCase.swift */,
				83D9C8E42C830C7600EF2684 /* DefaultSignUpUseCase.swift */,
			);
			path = DefaultUseCases;
			sourceTree = "<group>";
		};
		831401392C69C21300F601FB /* ImportLetterUseCase */ = {
			isa = PBXGroup;
			children = (
				AFA58F232C6A02BF00A7C569 /* ImportLetterUseCase.swift */,
			);
			path = ImportLetterUseCase;
			sourceTree = "<group>";
		};
		8314013A2C69C21D00F601FB /* LetterBoxUseCase */ = {
			isa = PBXGroup;
			children = (
				AFA58F2F2C6C4B2A00A7C569 /* LetterBoxUseCase.swift */,
			);
			path = LetterBoxUseCase;
			sourceTree = "<group>";
		};
		8314013B2C69C22B00F601FB /* WriteLetterUseCase */ = {
			isa = PBXGroup;
			children = (
				AFA58F212C6A004C00A7C569 /* WriteLetterUseCase.swift */,
			);
			path = WriteLetterUseCase;
			sourceTree = "<group>";
		};
		8314013C2C69C23500F601FB /* ProfileUseCase */ = {
			isa = PBXGroup;
			children = (
				83A826CC2C6F2D23006FB09B /* ProfileUseCase.swift */,
			);
			path = ProfileUseCase;
			sourceTree = "<group>";
		};
		8314013D2C69C23C00F601FB /* SignUpUseCase */ = {
			isa = PBXGroup;
			children = (
				832C72662C71CF7B0071E8D0 /* SignUpUseCase.swift */,
			);
			path = SignUpUseCase;
			sourceTree = "<group>";
		};
		8366B6EF2C65ECC50021FAE0 /* Entity */ = {
			isa = PBXGroup;
			children = (
				8314013E2C69C34500F601FB /* Letter.swift */,
				AFA58F172C69DB1300A7C569 /* Writer.swift */,
			);
			path = Entity;
			sourceTree = "<group>";
		};
		8366B6F02C65ECCD0021FAE0 /* UseCase */ = {
			isa = PBXGroup;
			children = (
				8314013D2C69C23C00F601FB /* SignUpUseCase */,
				8314013C2C69C23500F601FB /* ProfileUseCase */,
				8314013B2C69C22B00F601FB /* WriteLetterUseCase */,
				8314013A2C69C21D00F601FB /* LetterBoxUseCase */,
				831401392C69C21300F601FB /* ImportLetterUseCase */,
			);
			path = UseCase;
			sourceTree = "<group>";
		};
		8366B6F12C65ECDB0021FAE0 /* ImportLetter */ = {
			isa = PBXGroup;
			children = (
				7F397C512C7C386500388645 /* PhotoImporting */,
				7F397C4F2C7C381E00388645 /* Camera */,
				7F7868552C7B14220083D204 /* HorizontalPadding.swift */,
			);
			path = ImportLetter;
			sourceTree = "<group>";
		};
		8366B6F22C65ECE10021FAE0 /* LetterBox */ = {
			isa = PBXGroup;
			children = (
				536AE7FB2C94881C002A3046 /* Cells */,
				5381504F2C8AD54A007B1E5A /* Components */,
				53A482D32C6B4E8600F00A9A /* LetterBoxView.swift */,
				53A482D72C6C6ACA00F00A9A /* LetterBoxDetailView.swift */,
				5300DA4D2C7EC2F9005F22EB /* LetterView.swift */,
				534C67B62C7FF85700F0C175 /* LetterContentView.swift */,
			);
			path = LetterBox;
			sourceTree = "<group>";
		};
		8366B6F32C65ECE60021FAE0 /* WriteLetter */ = {
			isa = PBXGroup;
			children = (
				577156FC2C7584E000E21162 /* NavigationBarView.swift */,
				57966B9F2C7EC452008D650B /* SelectionTabView.swift */,
				57EBE5AF2C69E5F2003ECD7F /* UserSelectionView.swift */,
				57EBE5B82C6B399C003ECD7F /* StationerySelectionView.swift */,
				57ED9CD42C70E4A400A4312C /* FontSelectionView.swift */,
				57485D3A2C772332000601BF /* ContentWriteView.swift */,
				57966B972C7D574E008D650B /* EnvelopeStampSelectionView.swift */,
				57966BA32C7FF738008D650B /* PreviewLetterView.swift */,
			);
			path = WriteLetter;
			sourceTree = "<group>";
		};
		8366B6F42C65ECEC0021FAE0 /* Profile */ = {
			isa = PBXGroup;
			children = (
				04DEC0E62C6C6C7300D289EA /* ProfileView.swift */,
				04DEC0E82C6C799500D289EA /* SettingsView.swift */,
				04DEC0EC2C6C882100D289EA /* ProfileSettingsView.swift */,
				04DEC0EA2C6C87B500D289EA /* AccountSettingsView.swift */,
				04DEC0FB2C7D96BC00D289EA /* ImageCropper.swift */,
				04DEC0F92C75863600D289EA /* CropBox.swift */,
				E2E0DCD02CAED20800596DF7 /* LoadingView.swift */,
			);
			path = Profile;
			sourceTree = "<group>";
		};
		8366B6F52C65ECF70021FAE0 /* SignUp */ = {
			isa = PBXGroup;
			children = (
				04DEC0DC2C6A3AD600D289EA /* SignUpView.swift */,
				04DEC0E02C6AFA7500D289EA /* SignUpNameInputView.swift */,
				04DEC0E22C6B2E1C00D289EA /* SignUpKabinettNumberSelectView.swift */,
			);
			path = SignUp;
			sourceTree = "<group>";
		};
		8366B6F62C65ECFF0021FAE0 /* ImportLetter */ = {
			isa = PBXGroup;
			children = (
				7F6CE9C32C6B50050074568E /* ImagePickerViewModel.swift */,
				7F6CE9E12C6E25500074568E /* CameraViewModel.swift */,
			);
			path = ImportLetter;
			sourceTree = "<group>";
		};
		8366B6F72C65ED080021FAE0 /* LetterBox */ = {
			isa = PBXGroup;
			children = (
				530C76592C7638D9007E09C6 /* LetterBoxViewModel.swift */,
				53972B9F2C7B4DE400A8D240 /* LetterBoxDetailViewModel.swift */,
				53DC1A2E2C7F0FC000575ACC /* LetterViewModel.swift */,
				53A99EA82C81914B00896AAC /* CalendarViewModel.swift */,
			);
			path = LetterBox;
			sourceTree = "<group>";
		};
		8366B6F82C65ED0F0021FAE0 /* WriteLetter */ = {
			isa = PBXGroup;
			children = (
				57ED94F92C84AFAC00A6F187 /* LetterWriteModel.swift */,
				57ED9CDD2C73698B00A4312C /* StationerySelectionViewModel.swift */,
				57ED9CD62C72C8C900A4312C /* UserSelectionViewModel.swift */,
				57ED9CD92C733D5300A4312C /* FontSelectionViewModel.swift */,
				5771570A2C77071300E21162 /* ContentWriteViewModel.swift */,
				57966B9B2C7D8DAF008D650B /* EnvelopeStampSelectionViewModel.swift */,
				57966BA52C81FD98008D650B /* PreviewLetterViewModel.swift */,
			);
			path = WriteLetter;
			sourceTree = "<group>";
		};
		8366B6F92C65ED150021FAE0 /* Profile */ = {
			isa = PBXGroup;
			children = (
				04DEC0F12C6E18EE00D289EA /* ProfileViewModel.swift */,
			);
			path = Profile;
			sourceTree = "<group>";
		};
		8366B6FA2C65ED1A0021FAE0 /* SignUp */ = {
			isa = PBXGroup;
			children = (
				04DEC0F32C6F171E00D289EA /* SignUpViewModel.swift */,
				04DEC0FD2C7EDB1100D289EA /* KabinettNumberFormatter.swift */,
			);
			path = SignUp;
			sourceTree = "<group>";
		};
		838697C42C64B7DB00E76230 /* Presentation */ = {
			isa = PBXGroup;
			children = (
				83FDCA802CA2EA9200FAEF22 /* Commons */,
				83FDCA7F2CA2E64A00FAEF22 /* Utils */,
				838697C92C64B81000E76230 /* ViewModel */,
				838697C82C64B80C00E76230 /* View */,
				839CE0F82C644BEF003635F3 /* ContentView.swift */,
			);
			path = Presentation;
			sourceTree = "<group>";
		};
		838697C52C64B7E600E76230 /* Data */ = {
			isa = PBXGroup;
			children = (
				83CA92A92C8160BF00DFB68B /* Utils */,
				830CE3CE2CA2E37100740627 /* DefaultUseCases */,
				830CE3CD2CA2E35B00740627 /* Services */,
			);
			path = Data;
			sourceTree = "<group>";
		};
		838697C62C64B7EC00E76230 /* Domain */ = {
			isa = PBXGroup;
			children = (
				8366B6F02C65ECCD0021FAE0 /* UseCase */,
				8366B6EF2C65ECC50021FAE0 /* Entity */,
			);
			path = Domain;
			sourceTree = "<group>";
		};
		838697C72C64B7FB00E76230 /* Application */ = {
			isa = PBXGroup;
			children = (
				839CE0F62C644BEF003635F3 /* KabinettApp.swift */,
			);
			path = Application;
			sourceTree = "<group>";
		};
		838697C82C64B80C00E76230 /* View */ = {
			isa = PBXGroup;
			children = (
				8366B6F52C65ECF70021FAE0 /* SignUp */,
				8366B6F42C65ECEC0021FAE0 /* Profile */,
				8366B6F32C65ECE60021FAE0 /* WriteLetter */,
				8366B6F22C65ECE10021FAE0 /* LetterBox */,
				8366B6F12C65ECDB0021FAE0 /* ImportLetter */,
			);
			path = View;
			sourceTree = "<group>";
		};
		838697C92C64B81000E76230 /* ViewModel */ = {
			isa = PBXGroup;
			children = (
				8366B6FA2C65ED1A0021FAE0 /* SignUp */,
				8366B6F92C65ED150021FAE0 /* Profile */,
				8366B6F82C65ED0F0021FAE0 /* WriteLetter */,
				8366B6F72C65ED080021FAE0 /* LetterBox */,
				8366B6F62C65ECFF0021FAE0 /* ImportLetter */,
			);
			path = ViewModel;
			sourceTree = "<group>";
		};
		839CE0EA2C644BEF003635F3 = {
			isa = PBXGroup;
			children = (
				04D182782C881EBE0038DA57 /* Settings.bundle */,
				839CE0F52C644BEF003635F3 /* Kabinett */,
				839CE1062C644BF0003635F3 /* KabinettTests */,
				839CE1102C644BF0003635F3 /* KabinettUITests */,
				839CE0F42C644BEF003635F3 /* Products */,
			);
			sourceTree = "<group>";
		};
		839CE0F42C644BEF003635F3 /* Products */ = {
			isa = PBXGroup;
			children = (
				839CE0F32C644BEF003635F3 /* Kabinett.app */,
				839CE1032C644BF0003635F3 /* KabinettTests.xctest */,
				839CE10D2C644BF0003635F3 /* KabinettUITests.xctest */,
			);
			name = Products;
			sourceTree = "<group>";
		};
		839CE0F52C644BEF003635F3 /* Kabinett */ = {
			isa = PBXGroup;
			children = (
				04DEC0F02C6E136F00D289EA /* Info.plist */,
				838697C72C64B7FB00E76230 /* Application */,
				838697C62C64B7EC00E76230 /* Domain */,
				838697C52C64B7E600E76230 /* Data */,
				838697C42C64B7DB00E76230 /* Presentation */,
				83FDCA7E2CA2E5EE00FAEF22 /* Resource */,
				839CE12C2C645F89003635F3 /* GoogleService-Info.plist */,
				839CE1202C645274003635F3 /* Kabinett.entitlements */,
				57ED9CDF2C73749800A4312C /* Assets.xcassets */,
				839CE0FC2C644BF0003635F3 /* Preview Content */,
			);
			path = Kabinett;
			sourceTree = "<group>";
		};
		839CE0FC2C644BF0003635F3 /* Preview Content */ = {
			isa = PBXGroup;
			children = (
				5381504E2C8AD4C9007B1E5A /* Stubs */,
				839CE0FD2C644BF0003635F3 /* Preview Assets.xcassets */,
			);
			path = "Preview Content";
			sourceTree = "<group>";
		};
		839CE1062C644BF0003635F3 /* KabinettTests */ = {
			isa = PBXGroup;
			children = (
				839CE1072C644BF0003635F3 /* KabinettTests.swift */,
			);
			path = KabinettTests;
			sourceTree = "<group>";
		};
		839CE1102C644BF0003635F3 /* KabinettUITests */ = {
			isa = PBXGroup;
			children = (
				839CE1112C644BF0003635F3 /* KabinettUITests.swift */,
				839CE1132C644BF0003635F3 /* KabinettUITestsLaunchTests.swift */,
			);
			path = KabinettUITests;
			sourceTree = "<group>";
		};
		83CA92A92C8160BF00DFB68B /* Utils */ = {
			isa = PBXGroup;
			children = (
				83CA92AA2C8160CB00DFB68B /* Publisher+.swift */,
			);
			path = Utils;
			sourceTree = "<group>";
		};
		83FDCA7E2CA2E5EE00FAEF22 /* Resource */ = {
			isa = PBXGroup;
			children = (
				57ED9CE12C7375AC00A4312C /* Font */,
			);
			path = Resource;
			sourceTree = "<group>";
		};
		83FDCA7F2CA2E64A00FAEF22 /* Utils */ = {
			isa = PBXGroup;
			children = (
				5381504D2C8AD44A007B1E5A /* Helpers */,
				57635A6B2C88890E00727CC5 /* Extension */,
			);
			path = Utils;
			sourceTree = "<group>";
		};
		83FDCA802CA2EA9200FAEF22 /* Commons */ = {
			isa = PBXGroup;
			children = (
				83FDCA812CA2EAAA00FAEF22 /* CustomTabViewModel */,
				7F397C502C7C382A00388645 /* CustomTabView */,
			);
			path = Commons;
			sourceTree = "<group>";
		};
		83FDCA812CA2EAAA00FAEF22 /* CustomTabViewModel */ = {
			isa = PBXGroup;
			children = (
				7F397C4D2C7C0ECE00388645 /* CustomTabViewModel.swift */,
			);
			path = CustomTabViewModel;
			sourceTree = "<group>";
		};
/* End PBXGroup section */

/* Begin PBXNativeTarget section */
		839CE0F22C644BEF003635F3 /* Kabinett */ = {
			isa = PBXNativeTarget;
			buildConfigurationList = 839CE1172C644BF0003635F3 /* Build configuration list for PBXNativeTarget "Kabinett" */;
			buildPhases = (
				839CE0EF2C644BEF003635F3 /* Sources */,
				839CE0F02C644BEF003635F3 /* Frameworks */,
				839CE0F12C644BEF003635F3 /* Resources */,
			);
			buildRules = (
			);
			dependencies = (
			);
			name = Kabinett;
			packageProductDependencies = (
				839CE1222C645F65003635F3 /* FirebaseAnalytics */,
				839CE1242C645F65003635F3 /* FirebaseAuth */,
				839CE1262C645F65003635F3 /* FirebaseDatabase */,
				839CE1282C645F65003635F3 /* FirebaseFirestore */,
				839CE12A2C645F65003635F3 /* FirebaseStorage */,
				5329713D2C782D7A00E965B6 /* Kingfisher */,
			);
			productName = Kabinett;
			productReference = 839CE0F32C644BEF003635F3 /* Kabinett.app */;
			productType = "com.apple.product-type.application";
		};
		839CE1022C644BF0003635F3 /* KabinettTests */ = {
			isa = PBXNativeTarget;
			buildConfigurationList = 839CE11A2C644BF0003635F3 /* Build configuration list for PBXNativeTarget "KabinettTests" */;
			buildPhases = (
				839CE0FF2C644BF0003635F3 /* Sources */,
				839CE1002C644BF0003635F3 /* Frameworks */,
				839CE1012C644BF0003635F3 /* Resources */,
			);
			buildRules = (
			);
			dependencies = (
				839CE1052C644BF0003635F3 /* PBXTargetDependency */,
			);
			name = KabinettTests;
			productName = KabinettTests;
			productReference = 839CE1032C644BF0003635F3 /* KabinettTests.xctest */;
			productType = "com.apple.product-type.bundle.unit-test";
		};
		839CE10C2C644BF0003635F3 /* KabinettUITests */ = {
			isa = PBXNativeTarget;
			buildConfigurationList = 839CE11D2C644BF0003635F3 /* Build configuration list for PBXNativeTarget "KabinettUITests" */;
			buildPhases = (
				839CE1092C644BF0003635F3 /* Sources */,
				839CE10A2C644BF0003635F3 /* Frameworks */,
				839CE10B2C644BF0003635F3 /* Resources */,
			);
			buildRules = (
			);
			dependencies = (
				839CE10F2C644BF0003635F3 /* PBXTargetDependency */,
			);
			name = KabinettUITests;
			productName = KabinettUITests;
			productReference = 839CE10D2C644BF0003635F3 /* KabinettUITests.xctest */;
			productType = "com.apple.product-type.bundle.ui-testing";
		};
/* End PBXNativeTarget section */

/* Begin PBXProject section */
		839CE0EB2C644BEF003635F3 /* Project object */ = {
			isa = PBXProject;
			attributes = {
				BuildIndependentTargetsInParallel = 1;
				LastSwiftUpdateCheck = 1540;
				LastUpgradeCheck = 1540;
				TargetAttributes = {
					839CE0F22C644BEF003635F3 = {
						CreatedOnToolsVersion = 15.4;
					};
					839CE1022C644BF0003635F3 = {
						CreatedOnToolsVersion = 15.4;
						TestTargetID = 839CE0F22C644BEF003635F3;
					};
					839CE10C2C644BF0003635F3 = {
						CreatedOnToolsVersion = 15.4;
						TestTargetID = 839CE0F22C644BEF003635F3;
					};
				};
			};
			buildConfigurationList = 839CE0EE2C644BEF003635F3 /* Build configuration list for PBXProject "Kabinett" */;
			compatibilityVersion = "Xcode 14.0";
			developmentRegion = ko;
			hasScannedForEncodings = 0;
			knownRegions = (
				en,
				Base,
				ko,
			);
			mainGroup = 839CE0EA2C644BEF003635F3;
			packageReferences = (
				839CE1212C645F65003635F3 /* XCRemoteSwiftPackageReference "firebase-ios-sdk" */,
				5329713C2C782D7A00E965B6 /* XCRemoteSwiftPackageReference "Kingfisher" */,
			);
			productRefGroup = 839CE0F42C644BEF003635F3 /* Products */;
			projectDirPath = "";
			projectRoot = "";
			targets = (
				839CE0F22C644BEF003635F3 /* Kabinett */,
				839CE1022C644BF0003635F3 /* KabinettTests */,
				839CE10C2C644BF0003635F3 /* KabinettUITests */,
			);
		};
/* End PBXProject section */

/* Begin PBXResourcesBuildPhase section */
		839CE0F12C644BEF003635F3 /* Resources */ = {
			isa = PBXResourcesBuildPhase;
			buildActionMask = 2147483647;
			files = (
				57ED9CE32C7375FD00A4312C /* Baskervville-Regular.otf in Resources */,
				57ED9CE92C74262500A4312C /* SourceHanSerifK-Regular.otf in Resources */,
				577156F72C746A7C00E21162 /* MaruBuriot-Regular.otf in Resources */,
				57A014FE2CA57E7100580883 /* NanumMyeongjo.otf in Resources */,
				57ED9CE72C73780100A4312C /* Pecita.otf in Resources */,
				839CE0FE2C644BF0003635F3 /* Preview Assets.xcassets in Resources */,
				57ED9CE02C73749800A4312C /* Assets.xcassets in Resources */,
				57ED9CE52C73760800A4312C /* goormSansOTF4.otf in Resources */,
				839CE12D2C645F89003635F3 /* GoogleService-Info.plist in Resources */,
				577156F52C7462E300E21162 /* MaruBuriot-Bold.otf in Resources */,
				04D182792C881EBE0038DA57 /* Settings.bundle in Resources */,
				577156F32C74624C00E21162 /* SourceHanSerifK-Bold.otf in Resources */,
			);
			runOnlyForDeploymentPostprocessing = 0;
		};
		839CE1012C644BF0003635F3 /* Resources */ = {
			isa = PBXResourcesBuildPhase;
			buildActionMask = 2147483647;
			files = (
			);
			runOnlyForDeploymentPostprocessing = 0;
		};
		839CE10B2C644BF0003635F3 /* Resources */ = {
			isa = PBXResourcesBuildPhase;
			buildActionMask = 2147483647;
			files = (
			);
			runOnlyForDeploymentPostprocessing = 0;
		};
/* End PBXResourcesBuildPhase section */

/* Begin PBXSourcesBuildPhase section */
		839CE0EF2C644BEF003635F3 /* Sources */ = {
			isa = PBXSourcesBuildPhase;
			buildActionMask = 2147483647;
			files = (
				AFCFDFC32C7C3F2A00BEFFDF /* DefaultProfileUseCase.swift in Sources */,
				AFCFDFC42C7C3F2A00BEFFDF /* FirestoreLetterManager.swift in Sources */,
				577157052C75DD9900E21162 /* Writer.swift in Sources */,
				04DEC0FE2C7EDB1100D289EA /* KabinettNumberFormatter.swift in Sources */,
				83F0D6872C7072DB001B8733 /* FirestoreWriterManager.swift in Sources */,
				53FC6B842C90204D00E7D9A8 /* CloseButtonView.swift in Sources */,
				577156FD2C7584E000E21162 /* NavigationBarView.swift in Sources */,
				5300DA4E2C7EC2F9005F22EB /* LetterView.swift in Sources */,
				53FC6B862C90207400E7D9A8 /* ContentRectangleView.swift in Sources */,
				7F397C4E2C7C0ECE00388645 /* CustomTabViewModel.swift in Sources */,
				57ED9CD72C72C8C900A4312C /* UserSelectionViewModel.swift in Sources */,
				57ED9CDA2C733D5300A4312C /* FontSelectionViewModel.swift in Sources */,
				577157032C75D7C300E21162 /* StationerySelectionViewModel.swift in Sources */,
				AF9B18FA2C894B7100F3E446 /* DefaultLetterBoxUseCase.swift in Sources */,
				57ED9CD52C70E4A400A4312C /* FontSelectionView.swift in Sources */,
				7F397C552C7DF20C00388645 /* ImportDialog.swift in Sources */,
				7F7868562C7B14220083D204 /* HorizontalPadding.swift in Sources */,
				538150542C8AF04B007B1E5A /* Extension+LetterType.swift in Sources */,
				AF9B18F82C894B5900F3E446 /* DefaultImportLetterUseCase.swift in Sources */,
				83CA92AB2C8160CB00DFB68B /* Publisher+.swift in Sources */,
				7F6CE9C42C6B50050074568E /* ImagePickerViewModel.swift in Sources */,
				534C67B72C7FF85700F0C175 /* LetterContentView.swift in Sources */,
				7FCAE2BA2C73102900228FA7 /* ImageDetailView.swift in Sources */,
				04DEC0E72C6C6C7300D289EA /* ProfileView.swift in Sources */,
				53A482DA2C6C6F2D00F00A9A /* LetterBoxCell.swift in Sources */,
				53A482D42C6B4E8600F00A9A /* LetterBoxView.swift in Sources */,
				530C765A2C7638D9007E09C6 /* LetterBoxViewModel.swift in Sources */,
				5359618D2C7488DD0031E181 /* TransparentBlurView.swift in Sources */,
				538150512C8AD5FB007B1E5A /* LayoutHelper.swift in Sources */,
				535961912C74F5870031E181 /* CalendarView.swift in Sources */,
				530C765C2C76CEFC007E09C6 /* LetterBoxUseCaseStub.swift in Sources */,
				53A482D82C6C6ACA00F00A9A /* LetterBoxDetailView.swift in Sources */,
				AFA58F242C6A02BF00A7C569 /* ImportLetterUseCase.swift in Sources */,
				83F0D6852C705E42001B8733 /* AuthManager.swift in Sources */,
				57966B9A2C7D8B45008D650B /* Extension+Date.swift in Sources */,
				83A826CD2C6F2D23006FB09B /* ProfileUseCase.swift in Sources */,
				7F6CE9E62C6E28400074568E /* CameraView.swift in Sources */,
				57966BA02C7EC452008D650B /* SelectionTabView.swift in Sources */,
				04DEC0E32C6B2E1C00D289EA /* SignUpKabinettNumberSelectView.swift in Sources */,
				04DEC0E12C6AFA7500D289EA /* SignUpNameInputView.swift in Sources */,
				04DEC0F42C6F171E00D289EA /* SignUpViewModel.swift in Sources */,
				04DEC0FA2C75863700D289EA /* CropBox.swift in Sources */,
				04DEC0F22C6E18EE00D289EA /* ProfileViewModel.swift in Sources */,
				53FC6B882C9020C100E7D9A8 /* Extension+String.swift in Sources */,
				04DEC0ED2C6C882100D289EA /* ProfileSettingsView.swift in Sources */,
				04DEC0E92C6C799500D289EA /* SettingsView.swift in Sources */,
				57966BA62C81FD98008D650B /* PreviewLetterViewModel.swift in Sources */,
				E2E0DCD12CAED20800596DF7 /* LoadingView.swift in Sources */,
				53972BA02C7B4DE400A8D240 /* LetterBoxDetailViewModel.swift in Sources */,
				530912CC2C7045F200964130 /* ToastView.swift in Sources */,
				5771570B2C77071400E21162 /* ContentWriteViewModel.swift in Sources */,
				53A99EA92C81914B00896AAC /* CalendarViewModel.swift in Sources */,
				7FCAE2B12C73080000228FA7 /* ImagePreview.swift in Sources */,
				83CA92AE2C8181DB00DFB68B /* FirestorageWriterManager.swift in Sources */,
				7FCAE2B82C730E1700228FA7 /* OverlappingImagesView.swift in Sources */,
				AFA58F302C6C4B2A00A7C569 /* LetterBoxUseCase.swift in Sources */,
				AFA58F222C6A004C00A7C569 /* WriteLetterUseCase.swift in Sources */,
				8314013F2C69C34500F601FB /* Letter.swift in Sources */,
				57485D3B2C772332000601BF /* ContentWriteView.swift in Sources */,
				57EBE5B92C6B399C003ECD7F /* StationerySelectionView.swift in Sources */,
				57EBE5B02C69E5F2003ECD7F /* UserSelectionView.swift in Sources */,
				57966B982C7D574E008D650B /* EnvelopeStampSelectionView.swift in Sources */,
				53BA8D212C69E4B60084D5CC /* LetterEnvelopeCell.swift in Sources */,
				AFDE7D2E2C75797A0019F2DE /* FirestorageLetterManager.swift in Sources */,
				57966B9E2C7DB267008D650B /* Extension+TextField.swift in Sources */,
				7F78684C2C78B41A0083D204 /* ImagePickerView.swift in Sources */,
				7F23AD6C2C7432B8007E1F28 /* LetterCompletionView.swift in Sources */,
				AFB88B592C89410600E79F90 /* DefaultWriteLetterUseCase.swift in Sources */,
				53FC6B8A2C90221600E7D9A8 /* LetterHelper.swift in Sources */,
				57ED94FA2C84AFAC00A6F187 /* LetterWriteModel.swift in Sources */,
				839CE0F92C644BEF003635F3 /* ContentView.swift in Sources */,
				57966BA42C7FF739008D650B /* PreviewLetterView.swift in Sources */,
				04DEC0DD2C6A3AD600D289EA /* SignUpView.swift in Sources */,
				7F6CE9E22C6E25500074568E /* CameraViewModel.swift in Sources */,
				7FCAE2BC2C73157C00228FA7 /* LetterWritingView.swift in Sources */,
				7F6CE9C22C6B33DD0074568E /* OptionOverlay.swift in Sources */,
				57966B9C2C7D8DAF008D650B /* EnvelopeStampSelectionViewModel.swift in Sources */,
				7F6CE9C02C6B2FEA0074568E /* CustomTabView.swift in Sources */,
				53FC6B822C901F7700E7D9A8 /* Extension+Collection.swift in Sources */,
				53DC1A2F2C7F0FC000575ACC /* LetterViewModel.swift in Sources */,
				7F9890822C7EF5C30035CB0D /* CustomTabBar.swift in Sources */,
				53BB36422C8E943600E74A4D /* CustomStrokePathView.swift in Sources */,
				839CE0F72C644BEF003635F3 /* KabinettApp.swift in Sources */,
				53573A482C8BF18A00BD69AF /* DragHelper.swift in Sources */,
				04DEC0FC2C7D96BC00D289EA /* ImageCropper.swift in Sources */,
				577C86732C8B8D5700EAB1BE /* Extension+View.swift in Sources */,
				53A99EA72C8190B600896AAC /* SearchBarView.swift in Sources */,
				577157012C75D73700E21162 /* Extension+UIApplication.swift in Sources */,
				83D9C8E52C830C7600EF2684 /* DefaultSignUpUseCase.swift in Sources */,
				832C72672C71CF7B0071E8D0 /* SignUpUseCase.swift in Sources */,
				04DEC0EB2C6C87B500D289EA /* AccountSettingsView.swift in Sources */,
			);
			runOnlyForDeploymentPostprocessing = 0;
		};
		839CE0FF2C644BF0003635F3 /* Sources */ = {
			isa = PBXSourcesBuildPhase;
			buildActionMask = 2147483647;
			files = (
				839CE1082C644BF0003635F3 /* KabinettTests.swift in Sources */,
			);
			runOnlyForDeploymentPostprocessing = 0;
		};
		839CE1092C644BF0003635F3 /* Sources */ = {
			isa = PBXSourcesBuildPhase;
			buildActionMask = 2147483647;
			files = (
				839CE1142C644BF0003635F3 /* KabinettUITestsLaunchTests.swift in Sources */,
				839CE1122C644BF0003635F3 /* KabinettUITests.swift in Sources */,
			);
			runOnlyForDeploymentPostprocessing = 0;
		};
/* End PBXSourcesBuildPhase section */

/* Begin PBXTargetDependency section */
		839CE1052C644BF0003635F3 /* PBXTargetDependency */ = {
			isa = PBXTargetDependency;
			target = 839CE0F22C644BEF003635F3 /* Kabinett */;
			targetProxy = 839CE1042C644BF0003635F3 /* PBXContainerItemProxy */;
		};
		839CE10F2C644BF0003635F3 /* PBXTargetDependency */ = {
			isa = PBXTargetDependency;
			target = 839CE0F22C644BEF003635F3 /* Kabinett */;
			targetProxy = 839CE10E2C644BF0003635F3 /* PBXContainerItemProxy */;
		};
/* End PBXTargetDependency section */

/* Begin XCBuildConfiguration section */
		839CE1152C644BF0003635F3 /* Debug */ = {
			isa = XCBuildConfiguration;
			buildSettings = {
				ALWAYS_SEARCH_USER_PATHS = NO;
				ASSETCATALOG_COMPILER_GENERATE_SWIFT_ASSET_SYMBOL_EXTENSIONS = YES;
				CLANG_ANALYZER_NONNULL = YES;
				CLANG_ANALYZER_NUMBER_OBJECT_CONVERSION = YES_AGGRESSIVE;
				CLANG_CXX_LANGUAGE_STANDARD = "gnu++20";
				CLANG_ENABLE_MODULES = YES;
				CLANG_ENABLE_OBJC_ARC = YES;
				CLANG_ENABLE_OBJC_WEAK = YES;
				CLANG_WARN_BLOCK_CAPTURE_AUTORELEASING = YES;
				CLANG_WARN_BOOL_CONVERSION = YES;
				CLANG_WARN_COMMA = YES;
				CLANG_WARN_CONSTANT_CONVERSION = YES;
				CLANG_WARN_DEPRECATED_OBJC_IMPLEMENTATIONS = YES;
				CLANG_WARN_DIRECT_OBJC_ISA_USAGE = YES_ERROR;
				CLANG_WARN_DOCUMENTATION_COMMENTS = YES;
				CLANG_WARN_EMPTY_BODY = YES;
				CLANG_WARN_ENUM_CONVERSION = YES;
				CLANG_WARN_INFINITE_RECURSION = YES;
				CLANG_WARN_INT_CONVERSION = YES;
				CLANG_WARN_NON_LITERAL_NULL_CONVERSION = YES;
				CLANG_WARN_OBJC_IMPLICIT_RETAIN_SELF = YES;
				CLANG_WARN_OBJC_LITERAL_CONVERSION = YES;
				CLANG_WARN_OBJC_ROOT_CLASS = YES_ERROR;
				CLANG_WARN_QUOTED_INCLUDE_IN_FRAMEWORK_HEADER = YES;
				CLANG_WARN_RANGE_LOOP_ANALYSIS = YES;
				CLANG_WARN_STRICT_PROTOTYPES = YES;
				CLANG_WARN_SUSPICIOUS_MOVE = YES;
				CLANG_WARN_UNGUARDED_AVAILABILITY = YES_AGGRESSIVE;
				CLANG_WARN_UNREACHABLE_CODE = YES;
				CLANG_WARN__DUPLICATE_METHOD_MATCH = YES;
				COPY_PHASE_STRIP = NO;
				DEBUG_INFORMATION_FORMAT = dwarf;
				ENABLE_STRICT_OBJC_MSGSEND = YES;
				ENABLE_TESTABILITY = YES;
				ENABLE_USER_SCRIPT_SANDBOXING = YES;
				GCC_C_LANGUAGE_STANDARD = gnu17;
				GCC_DYNAMIC_NO_PIC = NO;
				GCC_NO_COMMON_BLOCKS = YES;
				GCC_OPTIMIZATION_LEVEL = 0;
				GCC_PREPROCESSOR_DEFINITIONS = (
					"DEBUG=1",
					"$(inherited)",
				);
				GCC_WARN_64_TO_32_BIT_CONVERSION = YES;
				GCC_WARN_ABOUT_RETURN_TYPE = YES_ERROR;
				GCC_WARN_UNDECLARED_SELECTOR = YES;
				GCC_WARN_UNINITIALIZED_AUTOS = YES_AGGRESSIVE;
				GCC_WARN_UNUSED_FUNCTION = YES;
				GCC_WARN_UNUSED_VARIABLE = YES;
				IPHONEOS_DEPLOYMENT_TARGET = 17.5;
				LOCALIZATION_PREFERS_STRING_CATALOGS = YES;
				MTL_ENABLE_DEBUG_INFO = INCLUDE_SOURCE;
				MTL_FAST_MATH = YES;
				ONLY_ACTIVE_ARCH = YES;
				SDKROOT = iphoneos;
				SWIFT_ACTIVE_COMPILATION_CONDITIONS = "DEBUG $(inherited)";
				SWIFT_OPTIMIZATION_LEVEL = "-Onone";
			};
			name = Debug;
		};
		839CE1162C644BF0003635F3 /* Release */ = {
			isa = XCBuildConfiguration;
			buildSettings = {
				ALWAYS_SEARCH_USER_PATHS = NO;
				ASSETCATALOG_COMPILER_GENERATE_SWIFT_ASSET_SYMBOL_EXTENSIONS = YES;
				CLANG_ANALYZER_NONNULL = YES;
				CLANG_ANALYZER_NUMBER_OBJECT_CONVERSION = YES_AGGRESSIVE;
				CLANG_CXX_LANGUAGE_STANDARD = "gnu++20";
				CLANG_ENABLE_MODULES = YES;
				CLANG_ENABLE_OBJC_ARC = YES;
				CLANG_ENABLE_OBJC_WEAK = YES;
				CLANG_WARN_BLOCK_CAPTURE_AUTORELEASING = YES;
				CLANG_WARN_BOOL_CONVERSION = YES;
				CLANG_WARN_COMMA = YES;
				CLANG_WARN_CONSTANT_CONVERSION = YES;
				CLANG_WARN_DEPRECATED_OBJC_IMPLEMENTATIONS = YES;
				CLANG_WARN_DIRECT_OBJC_ISA_USAGE = YES_ERROR;
				CLANG_WARN_DOCUMENTATION_COMMENTS = YES;
				CLANG_WARN_EMPTY_BODY = YES;
				CLANG_WARN_ENUM_CONVERSION = YES;
				CLANG_WARN_INFINITE_RECURSION = YES;
				CLANG_WARN_INT_CONVERSION = YES;
				CLANG_WARN_NON_LITERAL_NULL_CONVERSION = YES;
				CLANG_WARN_OBJC_IMPLICIT_RETAIN_SELF = YES;
				CLANG_WARN_OBJC_LITERAL_CONVERSION = YES;
				CLANG_WARN_OBJC_ROOT_CLASS = YES_ERROR;
				CLANG_WARN_QUOTED_INCLUDE_IN_FRAMEWORK_HEADER = YES;
				CLANG_WARN_RANGE_LOOP_ANALYSIS = YES;
				CLANG_WARN_STRICT_PROTOTYPES = YES;
				CLANG_WARN_SUSPICIOUS_MOVE = YES;
				CLANG_WARN_UNGUARDED_AVAILABILITY = YES_AGGRESSIVE;
				CLANG_WARN_UNREACHABLE_CODE = YES;
				CLANG_WARN__DUPLICATE_METHOD_MATCH = YES;
				COPY_PHASE_STRIP = NO;
				DEBUG_INFORMATION_FORMAT = "dwarf-with-dsym";
				ENABLE_NS_ASSERTIONS = NO;
				ENABLE_STRICT_OBJC_MSGSEND = YES;
				ENABLE_USER_SCRIPT_SANDBOXING = YES;
				GCC_C_LANGUAGE_STANDARD = gnu17;
				GCC_NO_COMMON_BLOCKS = YES;
				GCC_WARN_64_TO_32_BIT_CONVERSION = YES;
				GCC_WARN_ABOUT_RETURN_TYPE = YES_ERROR;
				GCC_WARN_UNDECLARED_SELECTOR = YES;
				GCC_WARN_UNINITIALIZED_AUTOS = YES_AGGRESSIVE;
				GCC_WARN_UNUSED_FUNCTION = YES;
				GCC_WARN_UNUSED_VARIABLE = YES;
				IPHONEOS_DEPLOYMENT_TARGET = 17.5;
				LOCALIZATION_PREFERS_STRING_CATALOGS = YES;
				MTL_ENABLE_DEBUG_INFO = NO;
				MTL_FAST_MATH = YES;
				SDKROOT = iphoneos;
				SWIFT_COMPILATION_MODE = wholemodule;
				VALIDATE_PRODUCT = YES;
			};
			name = Release;
		};
		839CE1182C644BF0003635F3 /* Debug */ = {
			isa = XCBuildConfiguration;
			buildSettings = {
				ASSETCATALOG_COMPILER_APPICON_NAME = AppIcon;
				ASSETCATALOG_COMPILER_GLOBAL_ACCENT_COLOR_NAME = AccentColor;
				CODE_SIGN_ENTITLEMENTS = Kabinett/Kabinett.entitlements;
				CODE_SIGN_IDENTITY = "Apple Development";
				CODE_SIGN_STYLE = Automatic;
				CURRENT_PROJECT_VERSION = 1;
				DEVELOPMENT_ASSET_PATHS = "\"Kabinett/Preview Content\"";
				DEVELOPMENT_TEAM = 59FP2PXRXK;
				ENABLE_PREVIEWS = YES;
				GENERATE_INFOPLIST_FILE = YES;
				INFOPLIST_FILE = Kabinett/Info.plist;
				INFOPLIST_KEY_NSCameraUsageDescription = "편지에 첨부할 사진을 촬영하기 위해서 카메라 접근 권한이 필요해요.";
				INFOPLIST_KEY_NSPhotoLibraryUsageDescription = "프로필 사진을 설정하기 위해서 사진 앨범에 접근할게요.";
				INFOPLIST_KEY_UIApplicationSceneManifest_Generation = YES;
				INFOPLIST_KEY_UIApplicationSupportsIndirectInputEvents = YES;
				INFOPLIST_KEY_UILaunchScreen_Generation = YES;
				INFOPLIST_KEY_UISupportedInterfaceOrientations = UIInterfaceOrientationPortrait;
				INFOPLIST_KEY_UISupportedInterfaceOrientations_iPad = "UIInterfaceOrientationLandscapeLeft UIInterfaceOrientationLandscapeRight UIInterfaceOrientationPortrait UIInterfaceOrientationPortraitUpsideDown";
				INFOPLIST_KEY_UIUserInterfaceStyle = Light;
				IPHONEOS_DEPLOYMENT_TARGET = 17.4;
				LD_RUNPATH_SEARCH_PATHS = (
					"$(inherited)",
					"@executable_path/Frameworks",
				);
				MARKETING_VERSION = 1.0;
				PRODUCT_BUNDLE_IDENTIFIER = co.kr.codegrove.Kabinett;
				PRODUCT_NAME = "$(TARGET_NAME)";
				PROVISIONING_PROFILE_SPECIFIER = "";
				SUPPORTED_PLATFORMS = "iphoneos iphonesimulator";
				SUPPORTS_MACCATALYST = NO;
				SUPPORTS_MAC_DESIGNED_FOR_IPHONE_IPAD = NO;
				SUPPORTS_XR_DESIGNED_FOR_IPHONE_IPAD = NO;
				SWIFT_EMIT_LOC_STRINGS = YES;
				SWIFT_VERSION = 5.0;
				TARGETED_DEVICE_FAMILY = 1;
			};
			name = Debug;
		};
		839CE1192C644BF0003635F3 /* Release */ = {
			isa = XCBuildConfiguration;
			buildSettings = {
				ASSETCATALOG_COMPILER_APPICON_NAME = AppIcon;
				ASSETCATALOG_COMPILER_GLOBAL_ACCENT_COLOR_NAME = AccentColor;
				CODE_SIGN_ENTITLEMENTS = Kabinett/Kabinett.entitlements;
				CODE_SIGN_IDENTITY = "Apple Development";
				CODE_SIGN_STYLE = Automatic;
				CURRENT_PROJECT_VERSION = 1;
				DEVELOPMENT_ASSET_PATHS = "\"Kabinett/Preview Content\"";
				DEVELOPMENT_TEAM = 59FP2PXRXK;
				ENABLE_PREVIEWS = YES;
				GENERATE_INFOPLIST_FILE = YES;
				INFOPLIST_FILE = Kabinett/Info.plist;
				INFOPLIST_KEY_NSCameraUsageDescription = "편지에 첨부할 사진을 촬영하기 위해서 카메라 접근 권한이 필요해요.";
				INFOPLIST_KEY_NSPhotoLibraryUsageDescription = "프로필 사진을 설정하기 위해서 사진 앨범에 접근할게요.";
				INFOPLIST_KEY_UIApplicationSceneManifest_Generation = YES;
				INFOPLIST_KEY_UIApplicationSupportsIndirectInputEvents = YES;
				INFOPLIST_KEY_UILaunchScreen_Generation = YES;
				INFOPLIST_KEY_UISupportedInterfaceOrientations = UIInterfaceOrientationPortrait;
				INFOPLIST_KEY_UISupportedInterfaceOrientations_iPad = "UIInterfaceOrientationLandscapeLeft UIInterfaceOrientationLandscapeRight UIInterfaceOrientationPortrait UIInterfaceOrientationPortraitUpsideDown";
				INFOPLIST_KEY_UIUserInterfaceStyle = Light;
				IPHONEOS_DEPLOYMENT_TARGET = 17.4;
				LD_RUNPATH_SEARCH_PATHS = (
					"$(inherited)",
					"@executable_path/Frameworks",
				);
				MARKETING_VERSION = 1.0;
				PRODUCT_BUNDLE_IDENTIFIER = co.kr.codegrove.Kabinett;
				PRODUCT_NAME = "$(TARGET_NAME)";
				PROVISIONING_PROFILE_SPECIFIER = "";
				SUPPORTED_PLATFORMS = "iphoneos iphonesimulator";
				SUPPORTS_MACCATALYST = NO;
				SUPPORTS_MAC_DESIGNED_FOR_IPHONE_IPAD = NO;
				SUPPORTS_XR_DESIGNED_FOR_IPHONE_IPAD = NO;
				SWIFT_EMIT_LOC_STRINGS = YES;
				SWIFT_VERSION = 5.0;
				TARGETED_DEVICE_FAMILY = 1;
			};
			name = Release;
		};
		839CE11B2C644BF0003635F3 /* Debug */ = {
			isa = XCBuildConfiguration;
			buildSettings = {
				ALWAYS_EMBED_SWIFT_STANDARD_LIBRARIES = YES;
				BUNDLE_LOADER = "$(TEST_HOST)";
				CODE_SIGN_STYLE = Automatic;
				CURRENT_PROJECT_VERSION = 1;
				DEVELOPMENT_TEAM = 59FP2PXRXK;
				GENERATE_INFOPLIST_FILE = YES;
				IPHONEOS_DEPLOYMENT_TARGET = 17.5;
				MARKETING_VERSION = 1.0;
				PRODUCT_BUNDLE_IDENTIFIER = co.kr.codegrove.KabinettTests;
				PRODUCT_NAME = "$(TARGET_NAME)";
				SUPPORTED_PLATFORMS = "iphoneos iphonesimulator";
				SUPPORTS_MACCATALYST = NO;
				SUPPORTS_MAC_DESIGNED_FOR_IPHONE_IPAD = NO;
				SUPPORTS_XR_DESIGNED_FOR_IPHONE_IPAD = NO;
				SWIFT_EMIT_LOC_STRINGS = NO;
				SWIFT_VERSION = 5.0;
				TARGETED_DEVICE_FAMILY = 1;
				TEST_HOST = "$(BUILT_PRODUCTS_DIR)/Kabinett.app/$(BUNDLE_EXECUTABLE_FOLDER_PATH)/Kabinett";
			};
			name = Debug;
		};
		839CE11C2C644BF0003635F3 /* Release */ = {
			isa = XCBuildConfiguration;
			buildSettings = {
				ALWAYS_EMBED_SWIFT_STANDARD_LIBRARIES = YES;
				BUNDLE_LOADER = "$(TEST_HOST)";
				CODE_SIGN_STYLE = Automatic;
				CURRENT_PROJECT_VERSION = 1;
				DEVELOPMENT_TEAM = 59FP2PXRXK;
				GENERATE_INFOPLIST_FILE = YES;
				IPHONEOS_DEPLOYMENT_TARGET = 17.5;
				MARKETING_VERSION = 1.0;
				PRODUCT_BUNDLE_IDENTIFIER = co.kr.codegrove.KabinettTests;
				PRODUCT_NAME = "$(TARGET_NAME)";
				SUPPORTED_PLATFORMS = "iphoneos iphonesimulator";
				SUPPORTS_MACCATALYST = NO;
				SUPPORTS_MAC_DESIGNED_FOR_IPHONE_IPAD = NO;
				SUPPORTS_XR_DESIGNED_FOR_IPHONE_IPAD = NO;
				SWIFT_EMIT_LOC_STRINGS = NO;
				SWIFT_VERSION = 5.0;
				TARGETED_DEVICE_FAMILY = 1;
				TEST_HOST = "$(BUILT_PRODUCTS_DIR)/Kabinett.app/$(BUNDLE_EXECUTABLE_FOLDER_PATH)/Kabinett";
			};
			name = Release;
		};
		839CE11E2C644BF0003635F3 /* Debug */ = {
			isa = XCBuildConfiguration;
			buildSettings = {
				ALWAYS_EMBED_SWIFT_STANDARD_LIBRARIES = YES;
				CODE_SIGN_STYLE = Automatic;
				CURRENT_PROJECT_VERSION = 1;
				DEVELOPMENT_TEAM = 59FP2PXRXK;
				GENERATE_INFOPLIST_FILE = YES;
				MARKETING_VERSION = 1.0;
				PRODUCT_BUNDLE_IDENTIFIER = co.kr.codegrove.KabinettUITests;
				PRODUCT_NAME = "$(TARGET_NAME)";
				SUPPORTED_PLATFORMS = "iphoneos iphonesimulator";
				SUPPORTS_MACCATALYST = NO;
				SUPPORTS_MAC_DESIGNED_FOR_IPHONE_IPAD = NO;
				SUPPORTS_XR_DESIGNED_FOR_IPHONE_IPAD = NO;
				SWIFT_EMIT_LOC_STRINGS = NO;
				SWIFT_VERSION = 5.0;
				TARGETED_DEVICE_FAMILY = 1;
				TEST_TARGET_NAME = Kabinett;
			};
			name = Debug;
		};
		839CE11F2C644BF0003635F3 /* Release */ = {
			isa = XCBuildConfiguration;
			buildSettings = {
				ALWAYS_EMBED_SWIFT_STANDARD_LIBRARIES = YES;
				CODE_SIGN_STYLE = Automatic;
				CURRENT_PROJECT_VERSION = 1;
				DEVELOPMENT_TEAM = 59FP2PXRXK;
				GENERATE_INFOPLIST_FILE = YES;
				MARKETING_VERSION = 1.0;
				PRODUCT_BUNDLE_IDENTIFIER = co.kr.codegrove.KabinettUITests;
				PRODUCT_NAME = "$(TARGET_NAME)";
				SUPPORTED_PLATFORMS = "iphoneos iphonesimulator";
				SUPPORTS_MACCATALYST = NO;
				SUPPORTS_MAC_DESIGNED_FOR_IPHONE_IPAD = NO;
				SUPPORTS_XR_DESIGNED_FOR_IPHONE_IPAD = NO;
				SWIFT_EMIT_LOC_STRINGS = NO;
				SWIFT_VERSION = 5.0;
				TARGETED_DEVICE_FAMILY = 1;
				TEST_TARGET_NAME = Kabinett;
			};
			name = Release;
		};
/* End XCBuildConfiguration section */

/* Begin XCConfigurationList section */
		839CE0EE2C644BEF003635F3 /* Build configuration list for PBXProject "Kabinett" */ = {
			isa = XCConfigurationList;
			buildConfigurations = (
				839CE1152C644BF0003635F3 /* Debug */,
				839CE1162C644BF0003635F3 /* Release */,
			);
			defaultConfigurationIsVisible = 0;
			defaultConfigurationName = Release;
		};
		839CE1172C644BF0003635F3 /* Build configuration list for PBXNativeTarget "Kabinett" */ = {
			isa = XCConfigurationList;
			buildConfigurations = (
				839CE1182C644BF0003635F3 /* Debug */,
				839CE1192C644BF0003635F3 /* Release */,
			);
			defaultConfigurationIsVisible = 0;
			defaultConfigurationName = Release;
		};
		839CE11A2C644BF0003635F3 /* Build configuration list for PBXNativeTarget "KabinettTests" */ = {
			isa = XCConfigurationList;
			buildConfigurations = (
				839CE11B2C644BF0003635F3 /* Debug */,
				839CE11C2C644BF0003635F3 /* Release */,
			);
			defaultConfigurationIsVisible = 0;
			defaultConfigurationName = Release;
		};
		839CE11D2C644BF0003635F3 /* Build configuration list for PBXNativeTarget "KabinettUITests" */ = {
			isa = XCConfigurationList;
			buildConfigurations = (
				839CE11E2C644BF0003635F3 /* Debug */,
				839CE11F2C644BF0003635F3 /* Release */,
			);
			defaultConfigurationIsVisible = 0;
			defaultConfigurationName = Release;
		};
/* End XCConfigurationList section */

/* Begin XCRemoteSwiftPackageReference section */
		5329713C2C782D7A00E965B6 /* XCRemoteSwiftPackageReference "Kingfisher" */ = {
			isa = XCRemoteSwiftPackageReference;
			repositoryURL = "https://github.com/onevcat/Kingfisher.git";
			requirement = {
				kind = upToNextMajorVersion;
				minimumVersion = 7.12.0;
			};
		};
		839CE1212C645F65003635F3 /* XCRemoteSwiftPackageReference "firebase-ios-sdk" */ = {
			isa = XCRemoteSwiftPackageReference;
			repositoryURL = "https://github.com/firebase/firebase-ios-sdk";
			requirement = {
				kind = upToNextMajorVersion;
				minimumVersion = 11.0.0;
			};
		};
/* End XCRemoteSwiftPackageReference section */

/* Begin XCSwiftPackageProductDependency section */
		5329713D2C782D7A00E965B6 /* Kingfisher */ = {
			isa = XCSwiftPackageProductDependency;
			package = 5329713C2C782D7A00E965B6 /* XCRemoteSwiftPackageReference "Kingfisher" */;
			productName = Kingfisher;
		};
		839CE1222C645F65003635F3 /* FirebaseAnalytics */ = {
			isa = XCSwiftPackageProductDependency;
			package = 839CE1212C645F65003635F3 /* XCRemoteSwiftPackageReference "firebase-ios-sdk" */;
			productName = FirebaseAnalytics;
		};
		839CE1242C645F65003635F3 /* FirebaseAuth */ = {
			isa = XCSwiftPackageProductDependency;
			package = 839CE1212C645F65003635F3 /* XCRemoteSwiftPackageReference "firebase-ios-sdk" */;
			productName = FirebaseAuth;
		};
		839CE1262C645F65003635F3 /* FirebaseDatabase */ = {
			isa = XCSwiftPackageProductDependency;
			package = 839CE1212C645F65003635F3 /* XCRemoteSwiftPackageReference "firebase-ios-sdk" */;
			productName = FirebaseDatabase;
		};
		839CE1282C645F65003635F3 /* FirebaseFirestore */ = {
			isa = XCSwiftPackageProductDependency;
			package = 839CE1212C645F65003635F3 /* XCRemoteSwiftPackageReference "firebase-ios-sdk" */;
			productName = FirebaseFirestore;
		};
		839CE12A2C645F65003635F3 /* FirebaseStorage */ = {
			isa = XCSwiftPackageProductDependency;
			package = 839CE1212C645F65003635F3 /* XCRemoteSwiftPackageReference "firebase-ios-sdk" */;
			productName = FirebaseStorage;
		};
/* End XCSwiftPackageProductDependency section */
	};
	rootObject = 839CE0EB2C644BEF003635F3 /* Project object */;
}
