// !$*UTF8*$!
{
	archiveVersion = 1;
	classes = {
	};
	objectVersion = 56;
	objects = {

/* Begin PBXBuildFile section */
		04DEC0E72C6C6C7300D289EA /* ProfileView.swift in Sources */ = {isa = PBXBuildFile; fileRef = 04DEC0E62C6C6C7300D289EA /* ProfileView.swift */; };
		04DEC0E92C6C799500D289EA /* SettingsView.swift in Sources */ = {isa = PBXBuildFile; fileRef = 04DEC0E82C6C799500D289EA /* SettingsView.swift */; };
		04DEC0EB2C6C87B500D289EA /* AccountSettingsView.swift in Sources */ = {isa = PBXBuildFile; fileRef = 04DEC0EA2C6C87B500D289EA /* AccountSettingsView.swift */; };
		04DEC0ED2C6C882100D289EA /* ProfileSettingsView.swift in Sources */ = {isa = PBXBuildFile; fileRef = 04DEC0EC2C6C882100D289EA /* ProfileSettingsView.swift */; };
		04DEC0F22C6E18EE00D289EA /* ProfileSettingsViewModel.swift in Sources */ = {isa = PBXBuildFile; fileRef = 04DEC0F12C6E18EE00D289EA /* ProfileSettingsViewModel.swift */; };
		04DEC0F82C7423F300D289EA /* Settings.bundle in Resources */ = {isa = PBXBuildFile; fileRef = 04DEC0F72C7423F200D289EA /* Settings.bundle */; };
		04DEC0FA2C75863700D289EA /* CropBox.swift in Sources */ = {isa = PBXBuildFile; fileRef = 04DEC0F92C75863600D289EA /* CropBox.swift */; };
		57EBE5B02C69E5F2003ECD7F /* UserSelectionView.swift in Sources */ = {isa = PBXBuildFile; fileRef = 57EBE5AF2C69E5F2003ECD7F /* UserSelectionView.swift */; };
		04DEC0DD2C6A3AD600D289EA /* LoginView.swift in Sources */ = {isa = PBXBuildFile; fileRef = 04DEC0DC2C6A3AD600D289EA /* LoginView.swift */; };
		04DEC0E12C6AFA7500D289EA /* SignUpNameInputView.swift in Sources */ = {isa = PBXBuildFile; fileRef = 04DEC0E02C6AFA7500D289EA /* SignUpNameInputView.swift */; };
		04DEC0E32C6B2E1C00D289EA /* SignUpKabinettNumberSelectView.swift in Sources */ = {isa = PBXBuildFile; fileRef = 04DEC0E22C6B2E1C00D289EA /* SignUpKabinettNumberSelectView.swift */; };
		04DEC0F42C6F171E00D289EA /* SignUpViewModel.swift in Sources */ = {isa = PBXBuildFile; fileRef = 04DEC0F32C6F171E00D289EA /* SignUpViewModel.swift */; };
		530912CC2C7045F200964130 /* ToastView.swift in Sources */ = {isa = PBXBuildFile; fileRef = 530912CB2C7045F200964130 /* ToastView.swift */; };
		530C765A2C7638D9007E09C6 /* LetterBoxViewModel.swift in Sources */ = {isa = PBXBuildFile; fileRef = 530C76592C7638D9007E09C6 /* LetterBoxViewModel.swift */; };
		530C765C2C76CEFC007E09C6 /* LetterBoxUseCaseStub.swift in Sources */ = {isa = PBXBuildFile; fileRef = 530C765B2C76CEFC007E09C6 /* LetterBoxUseCaseStub.swift */; };
		5329713E2C782D7A00E965B6 /* Kingfisher in Frameworks */ = {isa = PBXBuildFile; productRef = 5329713D2C782D7A00E965B6 /* Kingfisher */; };
		5359618D2C7488DD0031E181 /* TransparentBlurView.swift in Sources */ = {isa = PBXBuildFile; fileRef = 5359618C2C7488DD0031E181 /* TransparentBlurView.swift */; };
		535961912C74F5870031E181 /* CalendarView.swift in Sources */ = {isa = PBXBuildFile; fileRef = 535961902C74F5870031E181 /* CalendarView.swift */; };
		53A482D42C6B4E8600F00A9A /* LetterBoxView.swift in Sources */ = {isa = PBXBuildFile; fileRef = 53A482D32C6B4E8600F00A9A /* LetterBoxView.swift */; };
		53A482D82C6C6ACA00F00A9A /* LetterBoxDetailView.swift in Sources */ = {isa = PBXBuildFile; fileRef = 53A482D72C6C6ACA00F00A9A /* LetterBoxDetailView.swift */; };
		53A482DA2C6C6F2D00F00A9A /* LetterBoxCell.swift in Sources */ = {isa = PBXBuildFile; fileRef = 53A482D92C6C6F2D00F00A9A /* LetterBoxCell.swift */; };
		53BA8D212C69E4B60084D5CC /* LetterBoxEnvelopeCell.swift in Sources */ = {isa = PBXBuildFile; fileRef = 53BA8D202C69E4B60084D5CC /* LetterBoxEnvelopeCell.swift */; };
		577156F32C74624C00E21162 /* SourceHanSerifK-Bold.otf in Resources */ = {isa = PBXBuildFile; fileRef = 577156F22C74624C00E21162 /* SourceHanSerifK-Bold.otf */; };
		577156F52C7462E300E21162 /* MaruBuriot-Bold.otf in Resources */ = {isa = PBXBuildFile; fileRef = 577156F42C7462E300E21162 /* MaruBuriot-Bold.otf */; };
		577156F72C746A7C00E21162 /* MaruBuriot-Regular.otf in Resources */ = {isa = PBXBuildFile; fileRef = 577156F62C746A7C00E21162 /* MaruBuriot-Regular.otf */; };
		577156FB2C7578FE00E21162 /* WriteLetterView.swift in Sources */ = {isa = PBXBuildFile; fileRef = 577156FA2C7578FE00E21162 /* WriteLetterView.swift */; };
		577156FD2C7584E000E21162 /* NavigationBarView.swift in Sources */ = {isa = PBXBuildFile; fileRef = 577156FC2C7584E000E21162 /* NavigationBarView.swift */; };
		577156FF2C758A1A00E21162 /* OpenSourceLicenseModalView.swift in Sources */ = {isa = PBXBuildFile; fileRef = 577156FE2C758A1A00E21162 /* OpenSourceLicenseModalView.swift */; };
		577157012C75D73700E21162 /* Extension+UIApplication.swift in Sources */ = {isa = PBXBuildFile; fileRef = 577157002C75D73700E21162 /* Extension+UIApplication.swift */; };
		577157032C75D7C300E21162 /* StationerySelectionViewModel.swift in Sources */ = {isa = PBXBuildFile; fileRef = 57ED9CDD2C73698B00A4312C /* StationerySelectionViewModel.swift */; };
		577157042C75DC3B00E21162 /* Extension+Font.swift in Sources */ = {isa = PBXBuildFile; fileRef = 577156F82C74CAF200E21162 /* Extension+Font.swift */; };
		577157052C75DD9900E21162 /* Writer.swift in Sources */ = {isa = PBXBuildFile; fileRef = AFA58F172C69DB1300A7C569 /* Writer.swift */; };
		57EBE5B02C69E5F2003ECD7F /* UserSelectionModalView.swift in Sources */ = {isa = PBXBuildFile; fileRef = 57EBE5AF2C69E5F2003ECD7F /* UserSelectionModalView.swift */; };
		57EBE5B22C69E653003ECD7F /* ModalTestView.swift in Sources */ = {isa = PBXBuildFile; fileRef = 57EBE5B12C69E653003ECD7F /* ModalTestView.swift */; };
		57EBE5B92C6B399C003ECD7F /* StationerySelectionView.swift in Sources */ = {isa = PBXBuildFile; fileRef = 57EBE5B82C6B399C003ECD7F /* StationerySelectionView.swift */; };
		57EBE5BD2C6C43A7003ECD7F /* LetterWriteViewModel.swift in Sources */ = {isa = PBXBuildFile; fileRef = 57EBE5BC2C6C43A7003ECD7F /* LetterWriteViewModel.swift */; };
		57ED9CD52C70E4A400A4312C /* FontSelectionView.swift in Sources */ = {isa = PBXBuildFile; fileRef = 57ED9CD42C70E4A400A4312C /* FontSelectionView.swift */; };
		57ED9CD72C72C8C900A4312C /* UserSelectionViewModel.swift in Sources */ = {isa = PBXBuildFile; fileRef = 57ED9CD62C72C8C900A4312C /* UserSelectionViewModel.swift */; };
		57ED9CDA2C733D5300A4312C /* FontSelectionViewModel.swift in Sources */ = {isa = PBXBuildFile; fileRef = 57ED9CD92C733D5300A4312C /* FontSelectionViewModel.swift */; };
		57ED9CE02C73749800A4312C /* Assets.xcassets in Resources */ = {isa = PBXBuildFile; fileRef = 57ED9CDF2C73749800A4312C /* Assets.xcassets */; };
		57ED9CE32C7375FD00A4312C /* Baskervville-Regular.otf in Resources */ = {isa = PBXBuildFile; fileRef = 57ED9CE22C7375FC00A4312C /* Baskervville-Regular.otf */; };
		57ED9CE52C73760800A4312C /* goormSansOTF4.otf in Resources */ = {isa = PBXBuildFile; fileRef = 57ED9CE42C73760800A4312C /* goormSansOTF4.otf */; };
		57ED9CE72C73780100A4312C /* Pecita.otf in Resources */ = {isa = PBXBuildFile; fileRef = 57ED9CE62C73780100A4312C /* Pecita.otf */; };
		57ED9CE92C74262500A4312C /* SourceHanSerifK-Regular.otf in Resources */ = {isa = PBXBuildFile; fileRef = 57ED9CE82C74262400A4312C /* SourceHanSerifK-Regular.otf */; };
		8314013F2C69C34500F601FB /* Letter.swift in Sources */ = {isa = PBXBuildFile; fileRef = 8314013E2C69C34500F601FB /* Letter.swift */; };
		832C72672C71CF7B0071E8D0 /* SignUpUseCase.swift in Sources */ = {isa = PBXBuildFile; fileRef = 832C72662C71CF7B0071E8D0 /* SignUpUseCase.swift */; };
		83949C8A2C71BC0F0080D72C /* DefaultProfileUseCase.swift in Sources */ = {isa = PBXBuildFile; fileRef = 83949C892C71BC0F0080D72C /* DefaultProfileUseCase.swift */; };
		839CE0F72C644BEF003635F3 /* KabinettApp.swift in Sources */ = {isa = PBXBuildFile; fileRef = 839CE0F62C644BEF003635F3 /* KabinettApp.swift */; };
		839CE0F92C644BEF003635F3 /* ContentView.swift in Sources */ = {isa = PBXBuildFile; fileRef = 839CE0F82C644BEF003635F3 /* ContentView.swift */; };
		839CE0FE2C644BF0003635F3 /* Preview Assets.xcassets in Resources */ = {isa = PBXBuildFile; fileRef = 839CE0FD2C644BF0003635F3 /* Preview Assets.xcassets */; };
		839CE1082C644BF0003635F3 /* KabinettTests.swift in Sources */ = {isa = PBXBuildFile; fileRef = 839CE1072C644BF0003635F3 /* KabinettTests.swift */; };
		839CE1122C644BF0003635F3 /* KabinettUITests.swift in Sources */ = {isa = PBXBuildFile; fileRef = 839CE1112C644BF0003635F3 /* KabinettUITests.swift */; };
		839CE1142C644BF0003635F3 /* KabinettUITestsLaunchTests.swift in Sources */ = {isa = PBXBuildFile; fileRef = 839CE1132C644BF0003635F3 /* KabinettUITestsLaunchTests.swift */; };
		839CE1232C645F65003635F3 /* FirebaseAnalytics in Frameworks */ = {isa = PBXBuildFile; productRef = 839CE1222C645F65003635F3 /* FirebaseAnalytics */; };
		839CE1252C645F65003635F3 /* FirebaseAuth in Frameworks */ = {isa = PBXBuildFile; productRef = 839CE1242C645F65003635F3 /* FirebaseAuth */; };
		839CE1272C645F65003635F3 /* FirebaseDatabase in Frameworks */ = {isa = PBXBuildFile; productRef = 839CE1262C645F65003635F3 /* FirebaseDatabase */; };
		839CE1292C645F65003635F3 /* FirebaseFirestore in Frameworks */ = {isa = PBXBuildFile; productRef = 839CE1282C645F65003635F3 /* FirebaseFirestore */; };
		839CE12B2C645F65003635F3 /* FirebaseStorage in Frameworks */ = {isa = PBXBuildFile; productRef = 839CE12A2C645F65003635F3 /* FirebaseStorage */; };
		839CE12D2C645F89003635F3 /* GoogleService-Info.plist in Resources */ = {isa = PBXBuildFile; fileRef = 839CE12C2C645F89003635F3 /* GoogleService-Info.plist */; };
		83A826CD2C6F2D23006FB09B /* ProfileUseCase.swift in Sources */ = {isa = PBXBuildFile; fileRef = 83A826CC2C6F2D23006FB09B /* ProfileUseCase.swift */; };
		83F0D6852C705E42001B8733 /* AuthManager.swift in Sources */ = {isa = PBXBuildFile; fileRef = 83F0D6842C705E42001B8733 /* AuthManager.swift */; };
		83F0D6872C7072DB001B8733 /* FirestoreWriterManager.swift in Sources */ = {isa = PBXBuildFile; fileRef = 83F0D6862C7072DB001B8733 /* FirestoreWriterManager.swift */; };
		AFA58F222C6A004C00A7C569 /* LetterWriteUseCase.swift in Sources */ = {isa = PBXBuildFile; fileRef = AFA58F212C6A004C00A7C569 /* LetterWriteUseCase.swift */; };
		AFA58F242C6A02BF00A7C569 /* ComponentsUseCase.swift in Sources */ = {isa = PBXBuildFile; fileRef = AFA58F232C6A02BF00A7C569 /* ComponentsUseCase.swift */; };
		AFA58F262C6AE33D00A7C569 /* FirebaseFirestoreManager.swift in Sources */ = {isa = PBXBuildFile; fileRef = AFA58F252C6AE33D00A7C569 /* FirebaseFirestoreManager.swift */; };
		AFA58F302C6C4B2A00A7C569 /* LetterBoxUseCase.swift in Sources */ = {isa = PBXBuildFile; fileRef = AFA58F2F2C6C4B2A00A7C569 /* LetterBoxUseCase.swift */; };
		AFDE7D2A2C75791E0019F2DE /* LetterWriteLoadStuffUseCase.swift in Sources */ = {isa = PBXBuildFile; fileRef = AFDE7D292C75791E0019F2DE /* LetterWriteLoadStuffUseCase.swift */; };
		AFDE7D2C2C75792E0019F2DE /* ComponentsLoadStuffUseCase.swift in Sources */ = {isa = PBXBuildFile; fileRef = AFDE7D2B2C75792E0019F2DE /* ComponentsLoadStuffUseCase.swift */; };
		AFDE7D2E2C75797A0019F2DE /* FirebaseStorageManager.swift in Sources */ = {isa = PBXBuildFile; fileRef = AFDE7D2D2C75797A0019F2DE /* FirebaseStorageManager.swift */; };
/* End PBXBuildFile section */

/* Begin PBXContainerItemProxy section */
		839CE1042C644BF0003635F3 /* PBXContainerItemProxy */ = {
			isa = PBXContainerItemProxy;
			containerPortal = 839CE0EB2C644BEF003635F3 /* Project object */;
			proxyType = 1;
			remoteGlobalIDString = 839CE0F22C644BEF003635F3;
			remoteInfo = Kabinett;
		};
		839CE10E2C644BF0003635F3 /* PBXContainerItemProxy */ = {
			isa = PBXContainerItemProxy;
			containerPortal = 839CE0EB2C644BEF003635F3 /* Project object */;
			proxyType = 1;
			remoteGlobalIDString = 839CE0F22C644BEF003635F3;
			remoteInfo = Kabinett;
		};
/* End PBXContainerItemProxy section */

/* Begin PBXFileReference section */
		04DEC0E62C6C6C7300D289EA /* ProfileView.swift */ = {isa = PBXFileReference; lastKnownFileType = sourcecode.swift; path = ProfileView.swift; sourceTree = "<group>"; };
		04DEC0E82C6C799500D289EA /* SettingsView.swift */ = {isa = PBXFileReference; lastKnownFileType = sourcecode.swift; path = SettingsView.swift; sourceTree = "<group>"; };
		04DEC0EA2C6C87B500D289EA /* AccountSettingsView.swift */ = {isa = PBXFileReference; lastKnownFileType = sourcecode.swift; path = AccountSettingsView.swift; sourceTree = "<group>"; };
		04DEC0EC2C6C882100D289EA /* ProfileSettingsView.swift */ = {isa = PBXFileReference; lastKnownFileType = sourcecode.swift; path = ProfileSettingsView.swift; sourceTree = "<group>"; };
		04DEC0F02C6E136F00D289EA /* Info.plist */ = {isa = PBXFileReference; lastKnownFileType = text.plist; path = Info.plist; sourceTree = "<group>"; };
		04DEC0F12C6E18EE00D289EA /* ProfileSettingsViewModel.swift */ = {isa = PBXFileReference; lastKnownFileType = sourcecode.swift; path = ProfileSettingsViewModel.swift; sourceTree = "<group>"; };
		04DEC0F72C7423F200D289EA /* Settings.bundle */ = {isa = PBXFileReference; lastKnownFileType = "wrapper.plug-in"; path = Settings.bundle; sourceTree = "<group>"; };
		04DEC0F92C75863600D289EA /* CropBox.swift */ = {isa = PBXFileReference; lastKnownFileType = sourcecode.swift; path = CropBox.swift; sourceTree = "<group>"; };
		57EBE5AF2C69E5F2003ECD7F /* UserSelectionView.swift */ = {isa = PBXFileReference; lastKnownFileType = sourcecode.swift; path = UserSelectionView.swift; sourceTree = "<group>"; };
		04DEC0DC2C6A3AD600D289EA /* LoginView.swift */ = {isa = PBXFileReference; lastKnownFileType = sourcecode.swift; path = LoginView.swift; sourceTree = "<group>"; };
		04DEC0E02C6AFA7500D289EA /* SignUpNameInputView.swift */ = {isa = PBXFileReference; lastKnownFileType = sourcecode.swift; path = SignUpNameInputView.swift; sourceTree = "<group>"; };
		04DEC0E22C6B2E1C00D289EA /* SignUpKabinettNumberSelectView.swift */ = {isa = PBXFileReference; lastKnownFileType = sourcecode.swift; path = SignUpKabinettNumberSelectView.swift; sourceTree = "<group>"; };
		04DEC0F32C6F171E00D289EA /* SignUpViewModel.swift */ = {isa = PBXFileReference; lastKnownFileType = sourcecode.swift; path = SignUpViewModel.swift; sourceTree = "<group>"; };
		530912CB2C7045F200964130 /* ToastView.swift */ = {isa = PBXFileReference; lastKnownFileType = sourcecode.swift; path = ToastView.swift; sourceTree = "<group>"; };
		530C76592C7638D9007E09C6 /* LetterBoxViewModel.swift */ = {isa = PBXFileReference; lastKnownFileType = sourcecode.swift; path = LetterBoxViewModel.swift; sourceTree = "<group>"; };
		530C765B2C76CEFC007E09C6 /* LetterBoxUseCaseStub.swift */ = {isa = PBXFileReference; lastKnownFileType = sourcecode.swift; path = LetterBoxUseCaseStub.swift; sourceTree = "<group>"; };
		5359618C2C7488DD0031E181 /* TransparentBlurView.swift */ = {isa = PBXFileReference; lastKnownFileType = sourcecode.swift; path = TransparentBlurView.swift; sourceTree = "<group>"; };
		535961902C74F5870031E181 /* CalendarView.swift */ = {isa = PBXFileReference; lastKnownFileType = sourcecode.swift; path = CalendarView.swift; sourceTree = "<group>"; };
		53A482D32C6B4E8600F00A9A /* LetterBoxView.swift */ = {isa = PBXFileReference; lastKnownFileType = sourcecode.swift; path = LetterBoxView.swift; sourceTree = "<group>"; };
		53A482D72C6C6ACA00F00A9A /* LetterBoxDetailView.swift */ = {isa = PBXFileReference; lastKnownFileType = sourcecode.swift; path = LetterBoxDetailView.swift; sourceTree = "<group>"; };
		53A482D92C6C6F2D00F00A9A /* LetterBoxCell.swift */ = {isa = PBXFileReference; lastKnownFileType = sourcecode.swift; path = LetterBoxCell.swift; sourceTree = "<group>"; };
		53BA8D202C69E4B60084D5CC /* LetterBoxEnvelopeCell.swift */ = {isa = PBXFileReference; lastKnownFileType = sourcecode.swift; path = LetterBoxEnvelopeCell.swift; sourceTree = "<group>"; };
		577156F22C74624C00E21162 /* SourceHanSerifK-Bold.otf */ = {isa = PBXFileReference; lastKnownFileType = file; path = "SourceHanSerifK-Bold.otf"; sourceTree = "<group>"; };
		577156F42C7462E300E21162 /* MaruBuriot-Bold.otf */ = {isa = PBXFileReference; lastKnownFileType = file; path = "MaruBuriot-Bold.otf"; sourceTree = "<group>"; };
		577156F62C746A7C00E21162 /* MaruBuriot-Regular.otf */ = {isa = PBXFileReference; lastKnownFileType = file; path = "MaruBuriot-Regular.otf"; sourceTree = "<group>"; };
		577156F82C74CAF200E21162 /* Extension+Font.swift */ = {isa = PBXFileReference; lastKnownFileType = sourcecode.swift; path = "Extension+Font.swift"; sourceTree = "<group>"; };
		577156FA2C7578FE00E21162 /* WriteLetterView.swift */ = {isa = PBXFileReference; lastKnownFileType = sourcecode.swift; path = WriteLetterView.swift; sourceTree = "<group>"; };
		577156FC2C7584E000E21162 /* NavigationBarView.swift */ = {isa = PBXFileReference; lastKnownFileType = sourcecode.swift; path = NavigationBarView.swift; sourceTree = "<group>"; };
		577156FE2C758A1A00E21162 /* OpenSourceLicenseModalView.swift */ = {isa = PBXFileReference; lastKnownFileType = sourcecode.swift; path = OpenSourceLicenseModalView.swift; sourceTree = "<group>"; };
		577157002C75D73700E21162 /* Extension+UIApplication.swift */ = {isa = PBXFileReference; lastKnownFileType = sourcecode.swift; path = "Extension+UIApplication.swift"; sourceTree = "<group>"; };
		57EBE5AF2C69E5F2003ECD7F /* UserSelectionModalView.swift */ = {isa = PBXFileReference; lastKnownFileType = sourcecode.swift; path = UserSelectionModalView.swift; sourceTree = "<group>"; };
		57EBE5B12C69E653003ECD7F /* ModalTestView.swift */ = {isa = PBXFileReference; lastKnownFileType = sourcecode.swift; path = ModalTestView.swift; sourceTree = "<group>"; };
		57EBE5B82C6B399C003ECD7F /* StationerySelectionView.swift */ = {isa = PBXFileReference; lastKnownFileType = sourcecode.swift; path = StationerySelectionView.swift; sourceTree = "<group>"; };
		57EBE5BC2C6C43A7003ECD7F /* LetterWriteViewModel.swift */ = {isa = PBXFileReference; lastKnownFileType = sourcecode.swift; path = LetterWriteViewModel.swift; sourceTree = "<group>"; };
		57ED9CD42C70E4A400A4312C /* FontSelectionView.swift */ = {isa = PBXFileReference; lastKnownFileType = sourcecode.swift; path = FontSelectionView.swift; sourceTree = "<group>"; };
		57ED9CD62C72C8C900A4312C /* UserSelectionViewModel.swift */ = {isa = PBXFileReference; lastKnownFileType = sourcecode.swift; path = UserSelectionViewModel.swift; sourceTree = "<group>"; };
		57ED9CD82C732F4600A4312C /* Info.plist */ = {isa = PBXFileReference; lastKnownFileType = text.plist; path = Info.plist; sourceTree = "<group>"; };
		57ED9CD92C733D5300A4312C /* FontSelectionViewModel.swift */ = {isa = PBXFileReference; lastKnownFileType = sourcecode.swift; path = FontSelectionViewModel.swift; sourceTree = "<group>"; };
		57ED9CDD2C73698B00A4312C /* StationerySelectionViewModel.swift */ = {isa = PBXFileReference; lastKnownFileType = sourcecode.swift; path = StationerySelectionViewModel.swift; sourceTree = "<group>"; };
		57ED9CDF2C73749800A4312C /* Assets.xcassets */ = {isa = PBXFileReference; lastKnownFileType = folder.assetcatalog; name = Assets.xcassets; path = Kabinett/Assets.xcassets; sourceTree = SOURCE_ROOT; };
		57ED9CE22C7375FC00A4312C /* Baskervville-Regular.otf */ = {isa = PBXFileReference; lastKnownFileType = file; path = "Baskervville-Regular.otf"; sourceTree = "<group>"; };
		57ED9CE42C73760800A4312C /* goormSansOTF4.otf */ = {isa = PBXFileReference; lastKnownFileType = file; path = goormSansOTF4.otf; sourceTree = "<group>"; };
		57ED9CE62C73780100A4312C /* Pecita.otf */ = {isa = PBXFileReference; lastKnownFileType = file; path = Pecita.otf; sourceTree = "<group>"; };
		57ED9CE82C74262400A4312C /* SourceHanSerifK-Regular.otf */ = {isa = PBXFileReference; lastKnownFileType = file; path = "SourceHanSerifK-Regular.otf"; sourceTree = "<group>"; };
		8314013E2C69C34500F601FB /* Letter.swift */ = {isa = PBXFileReference; lastKnownFileType = sourcecode.swift; path = Letter.swift; sourceTree = "<group>"; };
		832C72662C71CF7B0071E8D0 /* SignUpUseCase.swift */ = {isa = PBXFileReference; lastKnownFileType = sourcecode.swift; path = SignUpUseCase.swift; sourceTree = "<group>"; };
		83949C892C71BC0F0080D72C /* DefaultProfileUseCase.swift */ = {isa = PBXFileReference; lastKnownFileType = sourcecode.swift; path = DefaultProfileUseCase.swift; sourceTree = "<group>"; };
		839CE0F32C644BEF003635F3 /* Kabinett.app */ = {isa = PBXFileReference; explicitFileType = wrapper.application; includeInIndex = 0; path = Kabinett.app; sourceTree = BUILT_PRODUCTS_DIR; };
		839CE0F62C644BEF003635F3 /* KabinettApp.swift */ = {isa = PBXFileReference; lastKnownFileType = sourcecode.swift; path = KabinettApp.swift; sourceTree = "<group>"; };
		839CE0F82C644BEF003635F3 /* ContentView.swift */ = {isa = PBXFileReference; lastKnownFileType = sourcecode.swift; path = ContentView.swift; sourceTree = "<group>"; };
		839CE0FD2C644BF0003635F3 /* Preview Assets.xcassets */ = {isa = PBXFileReference; lastKnownFileType = folder.assetcatalog; path = "Preview Assets.xcassets"; sourceTree = "<group>"; };
		839CE1032C644BF0003635F3 /* KabinettTests.xctest */ = {isa = PBXFileReference; explicitFileType = wrapper.cfbundle; includeInIndex = 0; path = KabinettTests.xctest; sourceTree = BUILT_PRODUCTS_DIR; };
		839CE1072C644BF0003635F3 /* KabinettTests.swift */ = {isa = PBXFileReference; lastKnownFileType = sourcecode.swift; path = KabinettTests.swift; sourceTree = "<group>"; };
		839CE10D2C644BF0003635F3 /* KabinettUITests.xctest */ = {isa = PBXFileReference; explicitFileType = wrapper.cfbundle; includeInIndex = 0; path = KabinettUITests.xctest; sourceTree = BUILT_PRODUCTS_DIR; };
		839CE1112C644BF0003635F3 /* KabinettUITests.swift */ = {isa = PBXFileReference; lastKnownFileType = sourcecode.swift; path = KabinettUITests.swift; sourceTree = "<group>"; };
		839CE1132C644BF0003635F3 /* KabinettUITestsLaunchTests.swift */ = {isa = PBXFileReference; lastKnownFileType = sourcecode.swift; path = KabinettUITestsLaunchTests.swift; sourceTree = "<group>"; };
		839CE1202C645274003635F3 /* Kabinett.entitlements */ = {isa = PBXFileReference; lastKnownFileType = text.plist.entitlements; path = Kabinett.entitlements; sourceTree = "<group>"; };
		839CE12C2C645F89003635F3 /* GoogleService-Info.plist */ = {isa = PBXFileReference; fileEncoding = 4; lastKnownFileType = text.plist.xml; path = "GoogleService-Info.plist"; sourceTree = "<group>"; };
		83A826CC2C6F2D23006FB09B /* ProfileUseCase.swift */ = {isa = PBXFileReference; lastKnownFileType = sourcecode.swift; path = ProfileUseCase.swift; sourceTree = "<group>"; };
		83F0D6842C705E42001B8733 /* AuthManager.swift */ = {isa = PBXFileReference; lastKnownFileType = sourcecode.swift; path = AuthManager.swift; sourceTree = "<group>"; };
		83F0D6862C7072DB001B8733 /* FirestoreWriterManager.swift */ = {isa = PBXFileReference; lastKnownFileType = sourcecode.swift; path = FirestoreWriterManager.swift; sourceTree = "<group>"; };
		AFA58F172C69DB1300A7C569 /* Writer.swift */ = {isa = PBXFileReference; lastKnownFileType = sourcecode.swift; path = Writer.swift; sourceTree = "<group>"; };
		AFA58F212C6A004C00A7C569 /* LetterWriteUseCase.swift */ = {isa = PBXFileReference; lastKnownFileType = sourcecode.swift; path = LetterWriteUseCase.swift; sourceTree = "<group>"; };
		AFA58F232C6A02BF00A7C569 /* ComponentsUseCase.swift */ = {isa = PBXFileReference; lastKnownFileType = sourcecode.swift; path = ComponentsUseCase.swift; sourceTree = "<group>"; };
		AFA58F252C6AE33D00A7C569 /* FirebaseFirestoreManager.swift */ = {isa = PBXFileReference; lastKnownFileType = sourcecode.swift; path = FirebaseFirestoreManager.swift; sourceTree = "<group>"; };
		AFA58F2F2C6C4B2A00A7C569 /* LetterBoxUseCase.swift */ = {isa = PBXFileReference; lastKnownFileType = sourcecode.swift; path = LetterBoxUseCase.swift; sourceTree = "<group>"; };
		AFDE7D292C75791E0019F2DE /* LetterWriteLoadStuffUseCase.swift */ = {isa = PBXFileReference; fileEncoding = 4; lastKnownFileType = sourcecode.swift; path = LetterWriteLoadStuffUseCase.swift; sourceTree = "<group>"; };
		AFDE7D2B2C75792E0019F2DE /* ComponentsLoadStuffUseCase.swift */ = {isa = PBXFileReference; fileEncoding = 4; lastKnownFileType = sourcecode.swift; path = ComponentsLoadStuffUseCase.swift; sourceTree = "<group>"; };
		AFDE7D2D2C75797A0019F2DE /* FirebaseStorageManager.swift */ = {isa = PBXFileReference; lastKnownFileType = sourcecode.swift; path = FirebaseStorageManager.swift; sourceTree = "<group>"; };
/* End PBXFileReference section */

/* Begin PBXFrameworksBuildPhase section */
		839CE0F02C644BEF003635F3 /* Frameworks */ = {
			isa = PBXFrameworksBuildPhase;
			buildActionMask = 2147483647;
			files = (
				5329713E2C782D7A00E965B6 /* Kingfisher in Frameworks */,
				839CE1272C645F65003635F3 /* FirebaseDatabase in Frameworks */,
				839CE1292C645F65003635F3 /* FirebaseFirestore in Frameworks */,
				839CE1232C645F65003635F3 /* FirebaseAnalytics in Frameworks */,
				839CE12B2C645F65003635F3 /* FirebaseStorage in Frameworks */,
				839CE1252C645F65003635F3 /* FirebaseAuth in Frameworks */,
			);
			runOnlyForDeploymentPostprocessing = 0;
		};
		839CE1002C644BF0003635F3 /* Frameworks */ = {
			isa = PBXFrameworksBuildPhase;
			buildActionMask = 2147483647;
			files = (
			);
			runOnlyForDeploymentPostprocessing = 0;
		};
		839CE10A2C644BF0003635F3 /* Frameworks */ = {
			isa = PBXFrameworksBuildPhase;
			buildActionMask = 2147483647;
			files = (
			);
			runOnlyForDeploymentPostprocessing = 0;
		};
/* End PBXFrameworksBuildPhase section */

/* Begin PBXGroup section */
		57ED9CE12C7375AC00A4312C /* fonts */ = {
			isa = PBXGroup;
			children = (
				577156F22C74624C00E21162 /* SourceHanSerifK-Bold.otf */,
				57ED9CE82C74262400A4312C /* SourceHanSerifK-Regular.otf */,
				577156F62C746A7C00E21162 /* MaruBuriot-Regular.otf */,
				577156F42C7462E300E21162 /* MaruBuriot-Bold.otf */,
				57ED9CE42C73760800A4312C /* goormSansOTF4.otf */,
				57ED9CE22C7375FC00A4312C /* Baskervville-Regular.otf */,
				57ED9CE62C73780100A4312C /* Pecita.otf */,
			);
			path = fonts;
			sourceTree = "<group>";
		};
		831401392C69C21300F601FB /* ComponentsUseCase */ = {
			isa = PBXGroup;
			children = (
				AFDE7D2B2C75792E0019F2DE /* ComponentsLoadStuffUseCase.swift */,
				AFA58F232C6A02BF00A7C569 /* ComponentsUseCase.swift */,
			);
			path = ComponentsUseCase;
			sourceTree = "<group>";
		};
		8314013A2C69C21D00F601FB /* LetterBoxUseCase */ = {
			isa = PBXGroup;
			children = (
				AFA58F2F2C6C4B2A00A7C569 /* LetterBoxUseCase.swift */,
			);
			path = LetterBoxUseCase;
			sourceTree = "<group>";
		};
		8314013B2C69C22B00F601FB /* LetterWriteUseCase */ = {
			isa = PBXGroup;
			children = (
				AFA58F212C6A004C00A7C569 /* LetterWriteUseCase.swift */,
				AFDE7D292C75791E0019F2DE /* LetterWriteLoadStuffUseCase.swift */,
			);
			path = LetterWriteUseCase;
			sourceTree = "<group>";
		};
		8314013C2C69C23500F601FB /* ProfileUseCase */ = {
			isa = PBXGroup;
			children = (
				83A826CC2C6F2D23006FB09B /* ProfileUseCase.swift */,
			);
			path = ProfileUseCase;
			sourceTree = "<group>";
		};
		8314013D2C69C23C00F601FB /* SignUpUseCase */ = {
			isa = PBXGroup;
			children = (
				832C72662C71CF7B0071E8D0 /* SignUpUseCase.swift */,
			);
			path = SignUpUseCase;
			sourceTree = "<group>";
		};
		8366B6EF2C65ECC50021FAE0 /* Entity */ = {
			isa = PBXGroup;
			children = (
				8314013E2C69C34500F601FB /* Letter.swift */,
				AFA58F172C69DB1300A7C569 /* Writer.swift */,
			);
			path = Entity;
			sourceTree = "<group>";
		};
		8366B6F02C65ECCD0021FAE0 /* UseCase */ = {
			isa = PBXGroup;
			children = (
				8314013D2C69C23C00F601FB /* SignUpUseCase */,
				8314013C2C69C23500F601FB /* ProfileUseCase */,
				8314013B2C69C22B00F601FB /* LetterWriteUseCase */,
				8314013A2C69C21D00F601FB /* LetterBoxUseCase */,
				831401392C69C21300F601FB /* ComponentsUseCase */,
			);
			path = UseCase;
			sourceTree = "<group>";
		};
		8366B6F12C65ECDB0021FAE0 /* Components */ = {
			isa = PBXGroup;
			children = (
			);
			path = Components;
			sourceTree = "<group>";
		};
		8366B6F22C65ECE10021FAE0 /* LetterBox */ = {
			isa = PBXGroup;
			children = (
				53BA8D202C69E4B60084D5CC /* LetterBoxEnvelopeCell.swift */,
				53A482D32C6B4E8600F00A9A /* LetterBoxView.swift */,
				53A482D72C6C6ACA00F00A9A /* LetterBoxDetailView.swift */,
				53A482D92C6C6F2D00F00A9A /* LetterBoxCell.swift */,
				530912CB2C7045F200964130 /* ToastView.swift */,
				5359618C2C7488DD0031E181 /* TransparentBlurView.swift */,
				535961902C74F5870031E181 /* CalendarView.swift */,
			);
			path = LetterBox;
			sourceTree = "<group>";
		};
		8366B6F32C65ECE60021FAE0 /* LetterWrite */ = {
			isa = PBXGroup;
			children = (
				577156FC2C7584E000E21162 /* NavigationBarView.swift */,
				57EBE5B12C69E653003ECD7F /* ModalTestView.swift */,
				57EBE5AF2C69E5F2003ECD7F /* UserSelectionModalView.swift */,
				57EBE5B82C6B399C003ECD7F /* StationerySelectionView.swift */,
				577156FE2C758A1A00E21162 /* OpenSourceLicenseModalView.swift */,
				57ED9CD42C70E4A400A4312C /* FontSelectionView.swift */,
				577156FA2C7578FE00E21162 /* WriteLetterView.swift */,
			);
			path = LetterWrite;
			sourceTree = "<group>";
		};
		8366B6F42C65ECEC0021FAE0 /* Profile */ = {
			isa = PBXGroup;
			children = (
				04DEC0E62C6C6C7300D289EA /* ProfileView.swift */,
				04DEC0E82C6C799500D289EA /* SettingsView.swift */,
				04DEC0EC2C6C882100D289EA /* ProfileSettingsView.swift */,
				04DEC0F92C75863600D289EA /* CropBox.swift */,
				04DEC0EA2C6C87B500D289EA /* AccountSettingsView.swift */,
				04DEC0DC2C6A3AD600D289EA /* LoginView.swift */,
				04DEC0E02C6AFA7500D289EA /* SignUpNameInputView.swift */,
				04DEC0E22C6B2E1C00D289EA /* SignUpKabinettNumberSelectView.swift */,
			);
			path = Profile;
			sourceTree = "<group>";
		};
		8366B6F52C65ECF70021FAE0 /* SignUp */ = {
			isa = PBXGroup;
			children = (
			);
			path = SignUp;
			sourceTree = "<group>";
		};
		8366B6F62C65ECFF0021FAE0 /* Components */ = {
			isa = PBXGroup;
			children = (
			);
			path = Components;
			sourceTree = "<group>";
		};
		8366B6F72C65ED080021FAE0 /* LetterBox */ = {
			isa = PBXGroup;
			children = (
				530C76592C7638D9007E09C6 /* LetterBoxViewModel.swift */,
				530C765B2C76CEFC007E09C6 /* LetterBoxUseCaseStub.swift */,
			);
			path = LetterBox;
			sourceTree = "<group>";
		};
		8366B6F82C65ED0F0021FAE0 /* LetterWrite */ = {
			isa = PBXGroup;
			children = (
				577156F82C74CAF200E21162 /* Extension+Font.swift */,
				577157002C75D73700E21162 /* Extension+UIApplication.swift */,
				57ED9CE12C7375AC00A4312C /* fonts */,
				57EBE5BC2C6C43A7003ECD7F /* LetterWriteViewModel.swift */,
				57ED9CDD2C73698B00A4312C /* StationerySelectionViewModel.swift */,
				57ED9CD62C72C8C900A4312C /* UserSelectionViewModel.swift */,
				57ED9CD92C733D5300A4312C /* FontSelectionViewModel.swift */,
			);
			path = LetterWrite;
			sourceTree = "<group>";
		};
		8366B6F92C65ED150021FAE0 /* Profile */ = {
			isa = PBXGroup;
			children = (
				04DEC0F12C6E18EE00D289EA /* ProfileSettingsViewModel.swift */,
				04DEC0F32C6F171E00D289EA /* SignUpViewModel.swift */,
			);
			path = Profile;
			sourceTree = "<group>";
		};
		8366B6FA2C65ED1A0021FAE0 /* SignUp */ = {
			isa = PBXGroup;
			children = (
			);
			path = SignUp;
			sourceTree = "<group>";
		};
		8366B6FB2C65EF1B0021FAE0 /* Auth */ = {
			isa = PBXGroup;
			children = (
				83F0D6842C705E42001B8733 /* AuthManager.swift */,
				83F0D6862C7072DB001B8733 /* FirestoreWriterManager.swift */,
				83949C892C71BC0F0080D72C /* DefaultProfileUseCase.swift */,
			);
			path = Auth;
			sourceTree = "<group>";
		};
		838697C42C64B7DB00E76230 /* Presentation */ = {
			isa = PBXGroup;
			children = (
				838697C92C64B81000E76230 /* ViewModel */,
				838697C82C64B80C00E76230 /* View */,
				839CE0F82C644BEF003635F3 /* ContentView.swift */,
			);
			path = Presentation;
			sourceTree = "<group>";
		};
		838697C52C64B7E600E76230 /* Service */ = {
			isa = PBXGroup;
			children = (
				8366B6FB2C65EF1B0021FAE0 /* Auth */,
				838697CB2C64B84500E76230 /* Firebase */,
			);
			path = Service;
			sourceTree = "<group>";
		};
		838697C62C64B7EC00E76230 /* Domain */ = {
			isa = PBXGroup;
			children = (
				8366B6F02C65ECCD0021FAE0 /* UseCase */,
				8366B6EF2C65ECC50021FAE0 /* Entity */,
			);
			path = Domain;
			sourceTree = "<group>";
		};
		838697C72C64B7FB00E76230 /* Application */ = {
			isa = PBXGroup;
			children = (
				839CE0F62C644BEF003635F3 /* KabinettApp.swift */,
			);
			path = Application;
			sourceTree = "<group>";
		};
		838697C82C64B80C00E76230 /* View */ = {
			isa = PBXGroup;
			children = (
				8366B6F52C65ECF70021FAE0 /* SignUp */,
				8366B6F42C65ECEC0021FAE0 /* Profile */,
				8366B6F32C65ECE60021FAE0 /* LetterWrite */,
				8366B6F22C65ECE10021FAE0 /* LetterBox */,
				8366B6F12C65ECDB0021FAE0 /* Components */,
			);
			path = View;
			sourceTree = "<group>";
		};
		838697C92C64B81000E76230 /* ViewModel */ = {
			isa = PBXGroup;
			children = (
				8366B6FA2C65ED1A0021FAE0 /* SignUp */,
				8366B6F92C65ED150021FAE0 /* Profile */,
				8366B6F82C65ED0F0021FAE0 /* LetterWrite */,
				8366B6F72C65ED080021FAE0 /* LetterBox */,
				8366B6F62C65ECFF0021FAE0 /* Components */,
			);
			path = ViewModel;
			sourceTree = "<group>";
		};
		838697CB2C64B84500E76230 /* Firebase */ = {
			isa = PBXGroup;
			children = (
				AFA58F252C6AE33D00A7C569 /* FirebaseFirestoreManager.swift */,
				AFDE7D2D2C75797A0019F2DE /* FirebaseStorageManager.swift */,
			);
			path = Firebase;
			sourceTree = "<group>";
		};
		839CE0EA2C644BEF003635F3 = {
			isa = PBXGroup;
			children = (
				04DEC0F72C7423F200D289EA /* Settings.bundle */,
				839CE0F52C644BEF003635F3 /* Kabinett */,
				839CE1062C644BF0003635F3 /* KabinettTests */,
				839CE1102C644BF0003635F3 /* KabinettUITests */,
				839CE0F42C644BEF003635F3 /* Products */,
			);
			sourceTree = "<group>";
		};
		839CE0F42C644BEF003635F3 /* Products */ = {
			isa = PBXGroup;
			children = (
				839CE0F32C644BEF003635F3 /* Kabinett.app */,
				839CE1032C644BF0003635F3 /* KabinettTests.xctest */,
				839CE10D2C644BF0003635F3 /* KabinettUITests.xctest */,
			);
			name = Products;
			sourceTree = "<group>";
		};
		839CE0F52C644BEF003635F3 /* Kabinett */ = {
			isa = PBXGroup;
			children = (
				04DEC0F02C6E136F00D289EA /* Info.plist */,
				838697C72C64B7FB00E76230 /* Application */,
				838697C62C64B7EC00E76230 /* Domain */,
				838697C52C64B7E600E76230 /* Service */,
				838697C42C64B7DB00E76230 /* Presentation */,
				839CE12C2C645F89003635F3 /* GoogleService-Info.plist */,
				839CE1202C645274003635F3 /* Kabinett.entitlements */,
				57ED9CDF2C73749800A4312C /* Assets.xcassets */,
				839CE0FC2C644BF0003635F3 /* Preview Content */,
			);
			path = Kabinett;
			sourceTree = "<group>";
		};
		839CE0FC2C644BF0003635F3 /* Preview Content */ = {
			isa = PBXGroup;
			children = (
				839CE0FD2C644BF0003635F3 /* Preview Assets.xcassets */,
			);
			path = "Preview Content";
			sourceTree = "<group>";
		};
		839CE1062C644BF0003635F3 /* KabinettTests */ = {
			isa = PBXGroup;
			children = (
				839CE1072C644BF0003635F3 /* KabinettTests.swift */,
			);
			path = KabinettTests;
			sourceTree = "<group>";
		};
		839CE1102C644BF0003635F3 /* KabinettUITests */ = {
			isa = PBXGroup;
			children = (
				839CE1112C644BF0003635F3 /* KabinettUITests.swift */,
				839CE1132C644BF0003635F3 /* KabinettUITestsLaunchTests.swift */,
			);
			path = KabinettUITests;
			sourceTree = "<group>";
		};
/* End PBXGroup section */

/* Begin PBXNativeTarget section */
		839CE0F22C644BEF003635F3 /* Kabinett */ = {
			isa = PBXNativeTarget;
			buildConfigurationList = 839CE1172C644BF0003635F3 /* Build configuration list for PBXNativeTarget "Kabinett" */;
			buildPhases = (
				839CE0EF2C644BEF003635F3 /* Sources */,
				839CE0F02C644BEF003635F3 /* Frameworks */,
				839CE0F12C644BEF003635F3 /* Resources */,
			);
			buildRules = (
			);
			dependencies = (
			);
			name = Kabinett;
			packageProductDependencies = (
				839CE1222C645F65003635F3 /* FirebaseAnalytics */,
				839CE1242C645F65003635F3 /* FirebaseAuth */,
				839CE1262C645F65003635F3 /* FirebaseDatabase */,
				839CE1282C645F65003635F3 /* FirebaseFirestore */,
				839CE12A2C645F65003635F3 /* FirebaseStorage */,
				5329713D2C782D7A00E965B6 /* Kingfisher */,
			);
			productName = Kabinett;
			productReference = 839CE0F32C644BEF003635F3 /* Kabinett.app */;
			productType = "com.apple.product-type.application";
		};
		839CE1022C644BF0003635F3 /* KabinettTests */ = {
			isa = PBXNativeTarget;
			buildConfigurationList = 839CE11A2C644BF0003635F3 /* Build configuration list for PBXNativeTarget "KabinettTests" */;
			buildPhases = (
				839CE0FF2C644BF0003635F3 /* Sources */,
				839CE1002C644BF0003635F3 /* Frameworks */,
				839CE1012C644BF0003635F3 /* Resources */,
			);
			buildRules = (
			);
			dependencies = (
				839CE1052C644BF0003635F3 /* PBXTargetDependency */,
			);
			name = KabinettTests;
			productName = KabinettTests;
			productReference = 839CE1032C644BF0003635F3 /* KabinettTests.xctest */;
			productType = "com.apple.product-type.bundle.unit-test";
		};
		839CE10C2C644BF0003635F3 /* KabinettUITests */ = {
			isa = PBXNativeTarget;
			buildConfigurationList = 839CE11D2C644BF0003635F3 /* Build configuration list for PBXNativeTarget "KabinettUITests" */;
			buildPhases = (
				839CE1092C644BF0003635F3 /* Sources */,
				839CE10A2C644BF0003635F3 /* Frameworks */,
				839CE10B2C644BF0003635F3 /* Resources */,
			);
			buildRules = (
			);
			dependencies = (
				839CE10F2C644BF0003635F3 /* PBXTargetDependency */,
			);
			name = KabinettUITests;
			productName = KabinettUITests;
			productReference = 839CE10D2C644BF0003635F3 /* KabinettUITests.xctest */;
			productType = "com.apple.product-type.bundle.ui-testing";
		};
/* End PBXNativeTarget section */

/* Begin PBXProject section */
		839CE0EB2C644BEF003635F3 /* Project object */ = {
			isa = PBXProject;
			attributes = {
				BuildIndependentTargetsInParallel = 1;
				LastSwiftUpdateCheck = 1540;
				LastUpgradeCheck = 1540;
				TargetAttributes = {
					839CE0F22C644BEF003635F3 = {
						CreatedOnToolsVersion = 15.4;
					};
					839CE1022C644BF0003635F3 = {
						CreatedOnToolsVersion = 15.4;
						TestTargetID = 839CE0F22C644BEF003635F3;
					};
					839CE10C2C644BF0003635F3 = {
						CreatedOnToolsVersion = 15.4;
						TestTargetID = 839CE0F22C644BEF003635F3;
					};
				};
			};
			buildConfigurationList = 839CE0EE2C644BEF003635F3 /* Build configuration list for PBXProject "Kabinett" */;
			compatibilityVersion = "Xcode 14.0";
			developmentRegion = ko;
			hasScannedForEncodings = 0;
			knownRegions = (
				en,
				Base,
				ko,
			);
			mainGroup = 839CE0EA2C644BEF003635F3;
			packageReferences = (
				839CE1212C645F65003635F3 /* XCRemoteSwiftPackageReference "firebase-ios-sdk" */,
				5329713C2C782D7A00E965B6 /* XCRemoteSwiftPackageReference "Kingfisher" */,
			);
			productRefGroup = 839CE0F42C644BEF003635F3 /* Products */;
			projectDirPath = "";
			projectRoot = "";
			targets = (
				839CE0F22C644BEF003635F3 /* Kabinett */,
				839CE1022C644BF0003635F3 /* KabinettTests */,
				839CE10C2C644BF0003635F3 /* KabinettUITests */,
			);
		};
/* End PBXProject section */

/* Begin PBXResourcesBuildPhase section */
		839CE0F12C644BEF003635F3 /* Resources */ = {
			isa = PBXResourcesBuildPhase;
			buildActionMask = 2147483647;
			files = (
				04DEC0F82C7423F300D289EA /* Settings.bundle in Resources */,
				57ED9CE32C7375FD00A4312C /* Baskervville-Regular.otf in Resources */,
				57ED9CE92C74262500A4312C /* SourceHanSerifK-Regular.otf in Resources */,
				577156F72C746A7C00E21162 /* MaruBuriot-Regular.otf in Resources */,
				57ED9CE72C73780100A4312C /* Pecita.otf in Resources */,
				839CE0FE2C644BF0003635F3 /* Preview Assets.xcassets in Resources */,
				57ED9CE02C73749800A4312C /* Assets.xcassets in Resources */,
				57ED9CE52C73760800A4312C /* goormSansOTF4.otf in Resources */,
				839CE12D2C645F89003635F3 /* GoogleService-Info.plist in Resources */,
				577156F52C7462E300E21162 /* MaruBuriot-Bold.otf in Resources */,
				577156F32C74624C00E21162 /* SourceHanSerifK-Bold.otf in Resources */,
			);
			runOnlyForDeploymentPostprocessing = 0;
		};
		839CE1012C644BF0003635F3 /* Resources */ = {
			isa = PBXResourcesBuildPhase;
			buildActionMask = 2147483647;
			files = (
			);
			runOnlyForDeploymentPostprocessing = 0;
		};
		839CE10B2C644BF0003635F3 /* Resources */ = {
			isa = PBXResourcesBuildPhase;
			buildActionMask = 2147483647;
			files = (
			);
			runOnlyForDeploymentPostprocessing = 0;
		};
/* End PBXResourcesBuildPhase section */

/* Begin PBXSourcesBuildPhase section */
		839CE0EF2C644BEF003635F3 /* Sources */ = {
			isa = PBXSourcesBuildPhase;
			buildActionMask = 2147483647;
			files = (
				577157052C75DD9900E21162 /* Writer.swift in Sources */,
				83F0D6872C7072DB001B8733 /* FirestoreWriterManager.swift in Sources */,
				577156FB2C7578FE00E21162 /* WriteLetterView.swift in Sources */,
				577156FD2C7584E000E21162 /* NavigationBarView.swift in Sources */,
				57ED9CD72C72C8C900A4312C /* UserSelectionViewModel.swift in Sources */,
				57ED9CDA2C733D5300A4312C /* FontSelectionViewModel.swift in Sources */,
				577157032C75D7C300E21162 /* StationerySelectionViewModel.swift in Sources */,
				57ED9CD52C70E4A400A4312C /* FontSelectionView.swift in Sources */,
				04DEC0E72C6C6C7300D289EA /* ProfileView.swift in Sources */,
				53A482DA2C6C6F2D00F00A9A /* LetterBoxCell.swift in Sources */,
				53A482D42C6B4E8600F00A9A /* LetterBoxView.swift in Sources */,
				530C765A2C7638D9007E09C6 /* LetterBoxViewModel.swift in Sources */,
				5359618D2C7488DD0031E181 /* TransparentBlurView.swift in Sources */,
				535961912C74F5870031E181 /* CalendarView.swift in Sources */,
				530C765C2C76CEFC007E09C6 /* LetterBoxUseCaseStub.swift in Sources */,
				53A482D82C6C6ACA00F00A9A /* LetterBoxDetailView.swift in Sources */,
				AFA58F242C6A02BF00A7C569 /* ComponentsUseCase.swift in Sources */,
				83F0D6852C705E42001B8733 /* AuthManager.swift in Sources */,
				83A826CD2C6F2D23006FB09B /* ProfileUseCase.swift in Sources */,
				04DEC0E32C6B2E1C00D289EA /* SignUpKabinettNumberSelectView.swift in Sources */,
				04DEC0E12C6AFA7500D289EA /* SignUpNameInputView.swift in Sources */,
				04DEC0F42C6F171E00D289EA /* SignUpViewModel.swift in Sources */,
				AFA58F182C69DB1300A7C569 /* Writer.swift in Sources */,
				83949C8A2C71BC0F0080D72C /* DefaultProfileUseCase.swift in Sources */,
				04DEC0FA2C75863700D289EA /* CropBox.swift in Sources */,
				04DEC0F22C6E18EE00D289EA /* ProfileSettingsViewModel.swift in Sources */,
				04DEC0ED2C6C882100D289EA /* ProfileSettingsView.swift in Sources */,
				AFA58F182C69DB1300A7C569 /* Writer.swift in Sources */,
				04DEC0E92C6C799500D289EA /* SettingsView.swift in Sources */,
				AFA58F262C6AE33D00A7C569 /* FirebaseLetterService.swift in Sources */,
				83949C8A2C71BC0F0080D72C /* DefaultProfileUseCase.swift in Sources */,
				AFA58F262C6AE33D00A7C569 /* FirebaseFirestoreManager.swift in Sources */,
				530912CC2C7045F200964130 /* ToastView.swift in Sources */,
				577156FF2C758A1A00E21162 /* OpenSourceLicenseModalView.swift in Sources */,
				AFA58F302C6C4B2A00A7C569 /* LetterBoxUseCase.swift in Sources */,
				AFA58F222C6A004C00A7C569 /* LetterWriteUseCase.swift in Sources */,
				8314013F2C69C34500F601FB /* Letter.swift in Sources */,
				57EBE5B92C6B399C003ECD7F /* StationerySelectionView.swift in Sources */,
				AFDE7D2A2C75791E0019F2DE /* LetterWriteLoadStuffUseCase.swift in Sources */,
				57EBE5B02C69E5F2003ECD7F /* UserSelectionModalView.swift in Sources */,
				53BA8D212C69E4B60084D5CC /* LetterBoxEnvelopeCell.swift in Sources */,
				AFDE7D2E2C75797A0019F2DE /* FirebaseStorageManager.swift in Sources */,
				839CE0F92C644BEF003635F3 /* ContentView.swift in Sources */,
				04DEC0DD2C6A3AD600D289EA /* LoginView.swift in Sources */,
				57EBE5BD2C6C43A7003ECD7F /* LetterWriteViewModel.swift in Sources */,
				AFDE7D2C2C75792E0019F2DE /* ComponentsLoadStuffUseCase.swift in Sources */,
				577157042C75DC3B00E21162 /* Extension+Font.swift in Sources */,
				57EBE5B22C69E653003ECD7F /* ModalTestView.swift in Sources */,
				839CE0F72C644BEF003635F3 /* KabinettApp.swift in Sources */,
				577157012C75D73700E21162 /* Extension+UIApplication.swift in Sources */,
				832C72672C71CF7B0071E8D0 /* SignUpUseCase.swift in Sources */,
				04DEC0EB2C6C87B500D289EA /* AccountSettingsView.swift in Sources */,
			);
			runOnlyForDeploymentPostprocessing = 0;
		};
		839CE0FF2C644BF0003635F3 /* Sources */ = {
			isa = PBXSourcesBuildPhase;
			buildActionMask = 2147483647;
			files = (
				839CE1082C644BF0003635F3 /* KabinettTests.swift in Sources */,
			);
			runOnlyForDeploymentPostprocessing = 0;
		};
		839CE1092C644BF0003635F3 /* Sources */ = {
			isa = PBXSourcesBuildPhase;
			buildActionMask = 2147483647;
			files = (
				839CE1142C644BF0003635F3 /* KabinettUITestsLaunchTests.swift in Sources */,
				839CE1122C644BF0003635F3 /* KabinettUITests.swift in Sources */,
			);
			runOnlyForDeploymentPostprocessing = 0;
		};
/* End PBXSourcesBuildPhase section */

/* Begin PBXTargetDependency section */
		839CE1052C644BF0003635F3 /* PBXTargetDependency */ = {
			isa = PBXTargetDependency;
			target = 839CE0F22C644BEF003635F3 /* Kabinett */;
			targetProxy = 839CE1042C644BF0003635F3 /* PBXContainerItemProxy */;
		};
		839CE10F2C644BF0003635F3 /* PBXTargetDependency */ = {
			isa = PBXTargetDependency;
			target = 839CE0F22C644BEF003635F3 /* Kabinett */;
			targetProxy = 839CE10E2C644BF0003635F3 /* PBXContainerItemProxy */;
		};
/* End PBXTargetDependency section */

/* Begin XCBuildConfiguration section */
		839CE1152C644BF0003635F3 /* Debug */ = {
			isa = XCBuildConfiguration;
			buildSettings = {
				ALWAYS_SEARCH_USER_PATHS = NO;
				ASSETCATALOG_COMPILER_GENERATE_SWIFT_ASSET_SYMBOL_EXTENSIONS = YES;
				CLANG_ANALYZER_NONNULL = YES;
				CLANG_ANALYZER_NUMBER_OBJECT_CONVERSION = YES_AGGRESSIVE;
				CLANG_CXX_LANGUAGE_STANDARD = "gnu++20";
				CLANG_ENABLE_MODULES = YES;
				CLANG_ENABLE_OBJC_ARC = YES;
				CLANG_ENABLE_OBJC_WEAK = YES;
				CLANG_WARN_BLOCK_CAPTURE_AUTORELEASING = YES;
				CLANG_WARN_BOOL_CONVERSION = YES;
				CLANG_WARN_COMMA = YES;
				CLANG_WARN_CONSTANT_CONVERSION = YES;
				CLANG_WARN_DEPRECATED_OBJC_IMPLEMENTATIONS = YES;
				CLANG_WARN_DIRECT_OBJC_ISA_USAGE = YES_ERROR;
				CLANG_WARN_DOCUMENTATION_COMMENTS = YES;
				CLANG_WARN_EMPTY_BODY = YES;
				CLANG_WARN_ENUM_CONVERSION = YES;
				CLANG_WARN_INFINITE_RECURSION = YES;
				CLANG_WARN_INT_CONVERSION = YES;
				CLANG_WARN_NON_LITERAL_NULL_CONVERSION = YES;
				CLANG_WARN_OBJC_IMPLICIT_RETAIN_SELF = YES;
				CLANG_WARN_OBJC_LITERAL_CONVERSION = YES;
				CLANG_WARN_OBJC_ROOT_CLASS = YES_ERROR;
				CLANG_WARN_QUOTED_INCLUDE_IN_FRAMEWORK_HEADER = YES;
				CLANG_WARN_RANGE_LOOP_ANALYSIS = YES;
				CLANG_WARN_STRICT_PROTOTYPES = YES;
				CLANG_WARN_SUSPICIOUS_MOVE = YES;
				CLANG_WARN_UNGUARDED_AVAILABILITY = YES_AGGRESSIVE;
				CLANG_WARN_UNREACHABLE_CODE = YES;
				CLANG_WARN__DUPLICATE_METHOD_MATCH = YES;
				COPY_PHASE_STRIP = NO;
				DEBUG_INFORMATION_FORMAT = dwarf;
				ENABLE_STRICT_OBJC_MSGSEND = YES;
				ENABLE_TESTABILITY = YES;
				ENABLE_USER_SCRIPT_SANDBOXING = YES;
				GCC_C_LANGUAGE_STANDARD = gnu17;
				GCC_DYNAMIC_NO_PIC = NO;
				GCC_NO_COMMON_BLOCKS = YES;
				GCC_OPTIMIZATION_LEVEL = 0;
				GCC_PREPROCESSOR_DEFINITIONS = (
					"DEBUG=1",
					"$(inherited)",
				);
				GCC_WARN_64_TO_32_BIT_CONVERSION = YES;
				GCC_WARN_ABOUT_RETURN_TYPE = YES_ERROR;
				GCC_WARN_UNDECLARED_SELECTOR = YES;
				GCC_WARN_UNINITIALIZED_AUTOS = YES_AGGRESSIVE;
				GCC_WARN_UNUSED_FUNCTION = YES;
				GCC_WARN_UNUSED_VARIABLE = YES;
				IPHONEOS_DEPLOYMENT_TARGET = 17.5;
				LOCALIZATION_PREFERS_STRING_CATALOGS = YES;
				MTL_ENABLE_DEBUG_INFO = INCLUDE_SOURCE;
				MTL_FAST_MATH = YES;
				ONLY_ACTIVE_ARCH = YES;
				SDKROOT = iphoneos;
				SWIFT_ACTIVE_COMPILATION_CONDITIONS = "DEBUG $(inherited)";
				SWIFT_OPTIMIZATION_LEVEL = "-Onone";
			};
			name = Debug;
		};
		839CE1162C644BF0003635F3 /* Release */ = {
			isa = XCBuildConfiguration;
			buildSettings = {
				ALWAYS_SEARCH_USER_PATHS = NO;
				ASSETCATALOG_COMPILER_GENERATE_SWIFT_ASSET_SYMBOL_EXTENSIONS = YES;
				CLANG_ANALYZER_NONNULL = YES;
				CLANG_ANALYZER_NUMBER_OBJECT_CONVERSION = YES_AGGRESSIVE;
				CLANG_CXX_LANGUAGE_STANDARD = "gnu++20";
				CLANG_ENABLE_MODULES = YES;
				CLANG_ENABLE_OBJC_ARC = YES;
				CLANG_ENABLE_OBJC_WEAK = YES;
				CLANG_WARN_BLOCK_CAPTURE_AUTORELEASING = YES;
				CLANG_WARN_BOOL_CONVERSION = YES;
				CLANG_WARN_COMMA = YES;
				CLANG_WARN_CONSTANT_CONVERSION = YES;
				CLANG_WARN_DEPRECATED_OBJC_IMPLEMENTATIONS = YES;
				CLANG_WARN_DIRECT_OBJC_ISA_USAGE = YES_ERROR;
				CLANG_WARN_DOCUMENTATION_COMMENTS = YES;
				CLANG_WARN_EMPTY_BODY = YES;
				CLANG_WARN_ENUM_CONVERSION = YES;
				CLANG_WARN_INFINITE_RECURSION = YES;
				CLANG_WARN_INT_CONVERSION = YES;
				CLANG_WARN_NON_LITERAL_NULL_CONVERSION = YES;
				CLANG_WARN_OBJC_IMPLICIT_RETAIN_SELF = YES;
				CLANG_WARN_OBJC_LITERAL_CONVERSION = YES;
				CLANG_WARN_OBJC_ROOT_CLASS = YES_ERROR;
				CLANG_WARN_QUOTED_INCLUDE_IN_FRAMEWORK_HEADER = YES;
				CLANG_WARN_RANGE_LOOP_ANALYSIS = YES;
				CLANG_WARN_STRICT_PROTOTYPES = YES;
				CLANG_WARN_SUSPICIOUS_MOVE = YES;
				CLANG_WARN_UNGUARDED_AVAILABILITY = YES_AGGRESSIVE;
				CLANG_WARN_UNREACHABLE_CODE = YES;
				CLANG_WARN__DUPLICATE_METHOD_MATCH = YES;
				COPY_PHASE_STRIP = NO;
				DEBUG_INFORMATION_FORMAT = "dwarf-with-dsym";
				ENABLE_NS_ASSERTIONS = NO;
				ENABLE_STRICT_OBJC_MSGSEND = YES;
				ENABLE_USER_SCRIPT_SANDBOXING = YES;
				GCC_C_LANGUAGE_STANDARD = gnu17;
				GCC_NO_COMMON_BLOCKS = YES;
				GCC_WARN_64_TO_32_BIT_CONVERSION = YES;
				GCC_WARN_ABOUT_RETURN_TYPE = YES_ERROR;
				GCC_WARN_UNDECLARED_SELECTOR = YES;
				GCC_WARN_UNINITIALIZED_AUTOS = YES_AGGRESSIVE;
				GCC_WARN_UNUSED_FUNCTION = YES;
				GCC_WARN_UNUSED_VARIABLE = YES;
				IPHONEOS_DEPLOYMENT_TARGET = 17.5;
				LOCALIZATION_PREFERS_STRING_CATALOGS = YES;
				MTL_ENABLE_DEBUG_INFO = NO;
				MTL_FAST_MATH = YES;
				SDKROOT = iphoneos;
				SWIFT_COMPILATION_MODE = wholemodule;
				VALIDATE_PRODUCT = YES;
			};
			name = Release;
		};
		839CE1182C644BF0003635F3 /* Debug */ = {
			isa = XCBuildConfiguration;
			buildSettings = {
				ASSETCATALOG_COMPILER_APPICON_NAME = AppIcon;
				ASSETCATALOG_COMPILER_GLOBAL_ACCENT_COLOR_NAME = AccentColor;
				CODE_SIGN_ENTITLEMENTS = Kabinett/Kabinett.entitlements;
				CODE_SIGN_IDENTITY = "Apple Development";
				CODE_SIGN_STYLE = Automatic;
				CURRENT_PROJECT_VERSION = 1;
				DEVELOPMENT_ASSET_PATHS = "\"Kabinett/Preview Content\"";
				DEVELOPMENT_TEAM = 59FP2PXRXK;
				ENABLE_PREVIEWS = YES;
				GENERATE_INFOPLIST_FILE = YES;
				INFOPLIST_FILE = Kabinett/Info.plist;
				INFOPLIST_KEY_NSPhotoLibraryUsageDescription = "프로필 사진을 설정하기 위해 사진 앨범에 접근합니다.";
				INFOPLIST_KEY_UIApplicationSceneManifest_Generation = YES;
				INFOPLIST_KEY_UIApplicationSupportsIndirectInputEvents = YES;
				INFOPLIST_KEY_UILaunchScreen_Generation = YES;
				INFOPLIST_KEY_UISupportedInterfaceOrientations_iPad = "UIInterfaceOrientationPortrait UIInterfaceOrientationPortraitUpsideDown UIInterfaceOrientationLandscapeLeft UIInterfaceOrientationLandscapeRight";
				INFOPLIST_KEY_UISupportedInterfaceOrientations_iPhone = "UIInterfaceOrientationPortrait UIInterfaceOrientationLandscapeLeft UIInterfaceOrientationLandscapeRight";
				LD_RUNPATH_SEARCH_PATHS = (
					"$(inherited)",
					"@executable_path/Frameworks",
				);
				MARKETING_VERSION = 1.0;
				PRODUCT_BUNDLE_IDENTIFIER = co.kr.codegrove.Kabinett;
				PRODUCT_NAME = "$(TARGET_NAME)";
				PROVISIONING_PROFILE_SPECIFIER = "";
				SWIFT_EMIT_LOC_STRINGS = YES;
				SWIFT_VERSION = 5.0;
				TARGETED_DEVICE_FAMILY = "1,2";
			};
			name = Debug;
		};
		839CE1192C644BF0003635F3 /* Release */ = {
			isa = XCBuildConfiguration;
			buildSettings = {
				ASSETCATALOG_COMPILER_APPICON_NAME = AppIcon;
				ASSETCATALOG_COMPILER_GLOBAL_ACCENT_COLOR_NAME = AccentColor;
				CODE_SIGN_ENTITLEMENTS = Kabinett/Kabinett.entitlements;
				CODE_SIGN_IDENTITY = "Apple Development";
				CODE_SIGN_STYLE = Automatic;
				CURRENT_PROJECT_VERSION = 1;
				DEVELOPMENT_ASSET_PATHS = "\"Kabinett/Preview Content\"";
				DEVELOPMENT_TEAM = 59FP2PXRXK;
				ENABLE_PREVIEWS = YES;
				GENERATE_INFOPLIST_FILE = YES;
				INFOPLIST_FILE = Kabinett/Info.plist;
				INFOPLIST_KEY_NSPhotoLibraryUsageDescription = "프로필 사진을 설정하기 위해 사진 앨범에 접근합니다.";
				INFOPLIST_KEY_UIApplicationSceneManifest_Generation = YES;
				INFOPLIST_KEY_UIApplicationSupportsIndirectInputEvents = YES;
				INFOPLIST_KEY_UILaunchScreen_Generation = YES;
				INFOPLIST_KEY_UISupportedInterfaceOrientations_iPad = "UIInterfaceOrientationPortrait UIInterfaceOrientationPortraitUpsideDown UIInterfaceOrientationLandscapeLeft UIInterfaceOrientationLandscapeRight";
				INFOPLIST_KEY_UISupportedInterfaceOrientations_iPhone = "UIInterfaceOrientationPortrait UIInterfaceOrientationLandscapeLeft UIInterfaceOrientationLandscapeRight";
				LD_RUNPATH_SEARCH_PATHS = (
					"$(inherited)",
					"@executable_path/Frameworks",
				);
				MARKETING_VERSION = 1.0;
				PRODUCT_BUNDLE_IDENTIFIER = co.kr.codegrove.Kabinett;
				PRODUCT_NAME = "$(TARGET_NAME)";
				PROVISIONING_PROFILE_SPECIFIER = "";
				SWIFT_EMIT_LOC_STRINGS = YES;
				SWIFT_VERSION = 5.0;
				TARGETED_DEVICE_FAMILY = "1,2";
			};
			name = Release;
		};
		839CE11B2C644BF0003635F3 /* Debug */ = {
			isa = XCBuildConfiguration;
			buildSettings = {
				ALWAYS_EMBED_SWIFT_STANDARD_LIBRARIES = YES;
				BUNDLE_LOADER = "$(TEST_HOST)";
				CODE_SIGN_STYLE = Automatic;
				CURRENT_PROJECT_VERSION = 1;
				DEVELOPMENT_TEAM = 59FP2PXRXK;
				GENERATE_INFOPLIST_FILE = YES;
				IPHONEOS_DEPLOYMENT_TARGET = 17.5;
				MARKETING_VERSION = 1.0;
				PRODUCT_BUNDLE_IDENTIFIER = co.kr.codegrove.KabinettTests;
				PRODUCT_NAME = "$(TARGET_NAME)";
				SWIFT_EMIT_LOC_STRINGS = NO;
				SWIFT_VERSION = 5.0;
				TARGETED_DEVICE_FAMILY = "1,2";
				TEST_HOST = "$(BUILT_PRODUCTS_DIR)/Kabinett.app/$(BUNDLE_EXECUTABLE_FOLDER_PATH)/Kabinett";
			};
			name = Debug;
		};
		839CE11C2C644BF0003635F3 /* Release */ = {
			isa = XCBuildConfiguration;
			buildSettings = {
				ALWAYS_EMBED_SWIFT_STANDARD_LIBRARIES = YES;
				BUNDLE_LOADER = "$(TEST_HOST)";
				CODE_SIGN_STYLE = Automatic;
				CURRENT_PROJECT_VERSION = 1;
				DEVELOPMENT_TEAM = 59FP2PXRXK;
				GENERATE_INFOPLIST_FILE = YES;
				IPHONEOS_DEPLOYMENT_TARGET = 17.5;
				MARKETING_VERSION = 1.0;
				PRODUCT_BUNDLE_IDENTIFIER = co.kr.codegrove.KabinettTests;
				PRODUCT_NAME = "$(TARGET_NAME)";
				SWIFT_EMIT_LOC_STRINGS = NO;
				SWIFT_VERSION = 5.0;
				TARGETED_DEVICE_FAMILY = "1,2";
				TEST_HOST = "$(BUILT_PRODUCTS_DIR)/Kabinett.app/$(BUNDLE_EXECUTABLE_FOLDER_PATH)/Kabinett";
			};
			name = Release;
		};
		839CE11E2C644BF0003635F3 /* Debug */ = {
			isa = XCBuildConfiguration;
			buildSettings = {
				ALWAYS_EMBED_SWIFT_STANDARD_LIBRARIES = YES;
				CODE_SIGN_STYLE = Automatic;
				CURRENT_PROJECT_VERSION = 1;
				DEVELOPMENT_TEAM = 59FP2PXRXK;
				GENERATE_INFOPLIST_FILE = YES;
				MARKETING_VERSION = 1.0;
				PRODUCT_BUNDLE_IDENTIFIER = co.kr.codegrove.KabinettUITests;
				PRODUCT_NAME = "$(TARGET_NAME)";
				SWIFT_EMIT_LOC_STRINGS = NO;
				SWIFT_VERSION = 5.0;
				TARGETED_DEVICE_FAMILY = "1,2";
				TEST_TARGET_NAME = Kabinett;
			};
			name = Debug;
		};
		839CE11F2C644BF0003635F3 /* Release */ = {
			isa = XCBuildConfiguration;
			buildSettings = {
				ALWAYS_EMBED_SWIFT_STANDARD_LIBRARIES = YES;
				CODE_SIGN_STYLE = Automatic;
				CURRENT_PROJECT_VERSION = 1;
				DEVELOPMENT_TEAM = 59FP2PXRXK;
				GENERATE_INFOPLIST_FILE = YES;
				MARKETING_VERSION = 1.0;
				PRODUCT_BUNDLE_IDENTIFIER = co.kr.codegrove.KabinettUITests;
				PRODUCT_NAME = "$(TARGET_NAME)";
				SWIFT_EMIT_LOC_STRINGS = NO;
				SWIFT_VERSION = 5.0;
				TARGETED_DEVICE_FAMILY = "1,2";
				TEST_TARGET_NAME = Kabinett;
			};
			name = Release;
		};
/* End XCBuildConfiguration section */

/* Begin XCConfigurationList section */
		839CE0EE2C644BEF003635F3 /* Build configuration list for PBXProject "Kabinett" */ = {
			isa = XCConfigurationList;
			buildConfigurations = (
				839CE1152C644BF0003635F3 /* Debug */,
				839CE1162C644BF0003635F3 /* Release */,
			);
			defaultConfigurationIsVisible = 0;
			defaultConfigurationName = Release;
		};
		839CE1172C644BF0003635F3 /* Build configuration list for PBXNativeTarget "Kabinett" */ = {
			isa = XCConfigurationList;
			buildConfigurations = (
				839CE1182C644BF0003635F3 /* Debug */,
				839CE1192C644BF0003635F3 /* Release */,
			);
			defaultConfigurationIsVisible = 0;
			defaultConfigurationName = Release;
		};
		839CE11A2C644BF0003635F3 /* Build configuration list for PBXNativeTarget "KabinettTests" */ = {
			isa = XCConfigurationList;
			buildConfigurations = (
				839CE11B2C644BF0003635F3 /* Debug */,
				839CE11C2C644BF0003635F3 /* Release */,
			);
			defaultConfigurationIsVisible = 0;
			defaultConfigurationName = Release;
		};
		839CE11D2C644BF0003635F3 /* Build configuration list for PBXNativeTarget "KabinettUITests" */ = {
			isa = XCConfigurationList;
			buildConfigurations = (
				839CE11E2C644BF0003635F3 /* Debug */,
				839CE11F2C644BF0003635F3 /* Release */,
			);
			defaultConfigurationIsVisible = 0;
			defaultConfigurationName = Release;
		};
/* End XCConfigurationList section */

/* Begin XCRemoteSwiftPackageReference section */
		5329713C2C782D7A00E965B6 /* XCRemoteSwiftPackageReference "Kingfisher" */ = {
			isa = XCRemoteSwiftPackageReference;
			repositoryURL = "https://github.com/onevcat/Kingfisher.git";
			requirement = {
				kind = upToNextMajorVersion;
				minimumVersion = 7.12.0;
			};
		};
		839CE1212C645F65003635F3 /* XCRemoteSwiftPackageReference "firebase-ios-sdk" */ = {
			isa = XCRemoteSwiftPackageReference;
			repositoryURL = "https://github.com/firebase/firebase-ios-sdk";
			requirement = {
				kind = upToNextMajorVersion;
				minimumVersion = 11.0.0;
			};
		};
/* End XCRemoteSwiftPackageReference section */

/* Begin XCSwiftPackageProductDependency section */
		5329713D2C782D7A00E965B6 /* Kingfisher */ = {
			isa = XCSwiftPackageProductDependency;
			package = 5329713C2C782D7A00E965B6 /* XCRemoteSwiftPackageReference "Kingfisher" */;
			productName = Kingfisher;
		};
		839CE1222C645F65003635F3 /* FirebaseAnalytics */ = {
			isa = XCSwiftPackageProductDependency;
			package = 839CE1212C645F65003635F3 /* XCRemoteSwiftPackageReference "firebase-ios-sdk" */;
			productName = FirebaseAnalytics;
		};
		839CE1242C645F65003635F3 /* FirebaseAuth */ = {
			isa = XCSwiftPackageProductDependency;
			package = 839CE1212C645F65003635F3 /* XCRemoteSwiftPackageReference "firebase-ios-sdk" */;
			productName = FirebaseAuth;
		};
		839CE1262C645F65003635F3 /* FirebaseDatabase */ = {
			isa = XCSwiftPackageProductDependency;
			package = 839CE1212C645F65003635F3 /* XCRemoteSwiftPackageReference "firebase-ios-sdk" */;
			productName = FirebaseDatabase;
		};
		839CE1282C645F65003635F3 /* FirebaseFirestore */ = {
			isa = XCSwiftPackageProductDependency;
			package = 839CE1212C645F65003635F3 /* XCRemoteSwiftPackageReference "firebase-ios-sdk" */;
			productName = FirebaseFirestore;
		};
		839CE12A2C645F65003635F3 /* FirebaseStorage */ = {
			isa = XCSwiftPackageProductDependency;
			package = 839CE1212C645F65003635F3 /* XCRemoteSwiftPackageReference "firebase-ios-sdk" */;
			productName = FirebaseStorage;
		};
/* End XCSwiftPackageProductDependency section */
	};
	rootObject = 839CE0EB2C644BEF003635F3 /* Project object */;
}
